// !$*UTF8*$!
{
	archiveVersion = 1;
	classes = {
	};
	objectVersion = 46;
	objects = {

/* Begin PBXBuildFile section */
		BBAB23CB13894F3D00AA2426 /* GLUT.framework in CopyFiles */ = {isa = PBXBuildFile; fileRef = BBAB23BE13894E4700AA2426 /* GLUT.framework */; };
		C7FDF0C3E44C93073275659E /* ofxOculusDK2.cpp in Sources */ = {isa = PBXBuildFile; fileRef = 7E77624EADCE621855E67D4C /* ofxOculusDK2.cpp */; };
		E4328149138ABC9F0047C5CB /* openFrameworksDebug.a in Frameworks */ = {isa = PBXBuildFile; fileRef = E4328148138ABC890047C5CB /* openFrameworksDebug.a */; };
		E45BE97B0E8CC7DD009D7055 /* AGL.framework in Frameworks */ = {isa = PBXBuildFile; fileRef = E45BE9710E8CC7DD009D7055 /* AGL.framework */; };
		E45BE97C0E8CC7DD009D7055 /* ApplicationServices.framework in Frameworks */ = {isa = PBXBuildFile; fileRef = E45BE9720E8CC7DD009D7055 /* ApplicationServices.framework */; };
		E45BE97D0E8CC7DD009D7055 /* AudioToolbox.framework in Frameworks */ = {isa = PBXBuildFile; fileRef = E45BE9730E8CC7DD009D7055 /* AudioToolbox.framework */; };
		E45BE97F0E8CC7DD009D7055 /* CoreAudio.framework in Frameworks */ = {isa = PBXBuildFile; fileRef = E45BE9750E8CC7DD009D7055 /* CoreAudio.framework */; };
		E45BE9800E8CC7DD009D7055 /* CoreFoundation.framework in Frameworks */ = {isa = PBXBuildFile; fileRef = E45BE9760E8CC7DD009D7055 /* CoreFoundation.framework */; };
		E45BE9810E8CC7DD009D7055 /* CoreServices.framework in Frameworks */ = {isa = PBXBuildFile; fileRef = E45BE9770E8CC7DD009D7055 /* CoreServices.framework */; };
		E45BE9830E8CC7DD009D7055 /* OpenGL.framework in Frameworks */ = {isa = PBXBuildFile; fileRef = E45BE9790E8CC7DD009D7055 /* OpenGL.framework */; };
		E45BE9840E8CC7DD009D7055 /* QuickTime.framework in Frameworks */ = {isa = PBXBuildFile; fileRef = E45BE97A0E8CC7DD009D7055 /* QuickTime.framework */; };
		E4B69E200A3A1BDC003C02F2 /* main.cpp in Sources */ = {isa = PBXBuildFile; fileRef = E4B69E1D0A3A1BDC003C02F2 /* main.cpp */; };
		E4B69E210A3A1BDC003C02F2 /* ofApp.cpp in Sources */ = {isa = PBXBuildFile; fileRef = E4B69E1E0A3A1BDC003C02F2 /* ofApp.cpp */; };
		E4C2424710CC5A17004149E2 /* AppKit.framework in Frameworks */ = {isa = PBXBuildFile; fileRef = E4C2424410CC5A17004149E2 /* AppKit.framework */; };
		E4C2424810CC5A17004149E2 /* Cocoa.framework in Frameworks */ = {isa = PBXBuildFile; fileRef = E4C2424510CC5A17004149E2 /* Cocoa.framework */; };
		E4C2424910CC5A17004149E2 /* IOKit.framework in Frameworks */ = {isa = PBXBuildFile; fileRef = E4C2424610CC5A17004149E2 /* IOKit.framework */; };
		E4EB6799138ADC1D00A09F29 /* GLUT.framework in Frameworks */ = {isa = PBXBuildFile; fileRef = BBAB23BE13894E4700AA2426 /* GLUT.framework */; };
		E7E077E515D3B63C0020DFD4 /* CoreVideo.framework in Frameworks */ = {isa = PBXBuildFile; fileRef = E7E077E415D3B63C0020DFD4 /* CoreVideo.framework */; };
		E7E077E815D3B6510020DFD4 /* QTKit.framework in Frameworks */ = {isa = PBXBuildFile; fileRef = E7E077E715D3B6510020DFD4 /* QTKit.framework */; };
		E7F985F815E0DEA3003869B5 /* Accelerate.framework in Frameworks */ = {isa = PBXBuildFile; fileRef = E7F985F515E0DE99003869B5 /* Accelerate.framework */; };
		F93CDB621A3E843900B95454 /* ofxFPSCamera.cpp in Sources */ = {isa = PBXBuildFile; fileRef = F93CDB601A3E843900B95454 /* ofxFPSCamera.cpp */; };
		F93CDB6C1A3E844100B95454 /* ofxXmlSettings.cpp in Sources */ = {isa = PBXBuildFile; fileRef = F93CDB651A3E844100B95454 /* ofxXmlSettings.cpp */; };
		F93CDB6D1A3E844100B95454 /* tinyxml.cpp in Sources */ = {isa = PBXBuildFile; fileRef = F93CDB681A3E844100B95454 /* tinyxml.cpp */; };
		F93CDB6E1A3E844100B95454 /* tinyxmlerror.cpp in Sources */ = {isa = PBXBuildFile; fileRef = F93CDB6A1A3E844100B95454 /* tinyxmlerror.cpp */; };
		F93CDB6F1A3E844100B95454 /* tinyxmlparser.cpp in Sources */ = {isa = PBXBuildFile; fileRef = F93CDB6B1A3E844100B95454 /* tinyxmlparser.cpp */; };
/* End PBXBuildFile section */

/* Begin PBXContainerItemProxy section */
		E4328147138ABC890047C5CB /* PBXContainerItemProxy */ = {
			isa = PBXContainerItemProxy;
			containerPortal = E4328143138ABC890047C5CB /* openFrameworksLib.xcodeproj */;
			proxyType = 2;
			remoteGlobalIDString = E4B27C1510CBEB8E00536013;
			remoteInfo = openFrameworks;
		};
		E4EEB9AB138B136A00A80321 /* PBXContainerItemProxy */ = {
			isa = PBXContainerItemProxy;
			containerPortal = E4328143138ABC890047C5CB /* openFrameworksLib.xcodeproj */;
			proxyType = 1;
			remoteGlobalIDString = E4B27C1410CBEB8E00536013;
			remoteInfo = openFrameworks;
		};
/* End PBXContainerItemProxy section */

/* Begin PBXCopyFilesBuildPhase section */
		E4C2427710CC5ABF004149E2 /* CopyFiles */ = {
			isa = PBXCopyFilesBuildPhase;
			buildActionMask = 2147483647;
			dstPath = "";
			dstSubfolderSpec = 10;
			files = (
				BBAB23CB13894F3D00AA2426 /* GLUT.framework in CopyFiles */,
			);
			runOnlyForDeploymentPostprocessing = 0;
		};
/* End PBXCopyFilesBuildPhase section */

/* Begin PBXFileReference section */
		0127DCABC090AA5940D49389 /* OVR_Allocator.h */ = {isa = PBXFileReference; explicitFileType = sourcecode.c.h; fileEncoding = 30; name = OVR_Allocator.h; path = ../../../addons/ofxOculusDK2/libs/LibOVR/Src/Kernel/OVR_Allocator.h; sourceTree = SOURCE_ROOT; };
		01C07FDD50F013B25B1557A4 /* OVR_JSON.cpp */ = {isa = PBXFileReference; explicitFileType = sourcecode.cpp.cpp; fileEncoding = 30; name = OVR_JSON.cpp; path = ../../../addons/ofxOculusDK2/libs/LibOVR/Src/OVR_JSON.cpp; sourceTree = SOURCE_ROOT; };
		02724740F039A355098A71EF /* OVR_CAPI_GL.h */ = {isa = PBXFileReference; explicitFileType = sourcecode.c.h; fileEncoding = 30; name = OVR_CAPI_GL.h; path = ../../../addons/ofxOculusDK2/libs/LibOVR/Src/OVR_CAPI_GL.h; sourceTree = SOURCE_ROOT; };
		02F075249B858143334AB61D /* CAPI_D3D1X_Util.h */ = {isa = PBXFileReference; explicitFileType = sourcecode.c.h; fileEncoding = 30; name = CAPI_D3D1X_Util.h; path = ../../../addons/ofxOculusDK2/libs/LibOVR/Src/CAPI/D3D1X/CAPI_D3D1X_Util.h; sourceTree = SOURCE_ROOT; };
		056ED2A1EDA655807C24E561 /* OVR_UTF8Util.h */ = {isa = PBXFileReference; explicitFileType = sourcecode.c.h; fileEncoding = 30; name = OVR_UTF8Util.h; path = ../../../addons/ofxOculusDK2/libs/LibOVR/Src/Kernel/OVR_UTF8Util.h; sourceTree = SOURCE_ROOT; };
		080070AD3C0B4858899F3140 /* OVR_ThreadsPthread.cpp */ = {isa = PBXFileReference; explicitFileType = sourcecode.cpp.cpp; fileEncoding = 30; name = OVR_ThreadsPthread.cpp; path = ../../../addons/ofxOculusDK2/libs/LibOVR/Src/Kernel/OVR_ThreadsPthread.cpp; sourceTree = SOURCE_ROOT; };
		0819CB9CD4087AB05DA6AB01 /* OVR_Stereo.cpp */ = {isa = PBXFileReference; explicitFileType = sourcecode.cpp.cpp; fileEncoding = 30; name = OVR_Stereo.cpp; path = ../../../addons/ofxOculusDK2/libs/LibOVR/Src/OVR_Stereo.cpp; sourceTree = SOURCE_ROOT; };
		0D69AEF32B49BBD7AC8608C5 /* OVR_Win32_Dxgi_Display.h */ = {isa = PBXFileReference; explicitFileType = sourcecode.c.h; fileEncoding = 30; name = OVR_Win32_Dxgi_Display.h; path = ../../../addons/ofxOculusDK2/libs/LibOVR/Src/Displays/OVR_Win32_Dxgi_Display.h; sourceTree = SOURCE_ROOT; };
		0DDCBF05C2E2CD56F6D79D87 /* ofxOculusDK2.h */ = {isa = PBXFileReference; explicitFileType = sourcecode.c.h; fileEncoding = 30; name = ofxOculusDK2.h; path = ../../../addons/ofxOculusDK2/src/ofxOculusDK2.h; sourceTree = SOURCE_ROOT; };
		1242B367E202E6F0B1A5F1E7 /* OVR_System.cpp */ = {isa = PBXFileReference; explicitFileType = sourcecode.cpp.cpp; fileEncoding = 30; name = OVR_System.cpp; path = ../../../addons/ofxOculusDK2/libs/LibOVR/Src/Kernel/OVR_System.cpp; sourceTree = SOURCE_ROOT; };
		1322C59FB3E1601CB2FEA59B /* tinyxml2.h */ = {isa = PBXFileReference; explicitFileType = sourcecode.c.h; fileEncoding = 30; name = tinyxml2.h; path = ../../../addons/ofxOculusDK2/libs/3rdParty/TinyXml/tinyxml2.h; sourceTree = SOURCE_ROOT; };
		15C797CD01463EEFD9B5509D /* OVR_File.cpp */ = {isa = PBXFileReference; explicitFileType = sourcecode.cpp.cpp; fileEncoding = 30; name = OVR_File.cpp; path = ../../../addons/ofxOculusDK2/libs/LibOVR/Src/Kernel/OVR_File.cpp; sourceTree = SOURCE_ROOT; };
		19E0302F2221A0036B1F44DF /* Util_ImageWindow.cpp */ = {isa = PBXFileReference; explicitFileType = sourcecode.cpp.cpp; fileEncoding = 30; name = Util_ImageWindow.cpp; path = ../../../addons/ofxOculusDK2/libs/LibOVR/Src/Util/Util_ImageWindow.cpp; sourceTree = SOURCE_ROOT; };
		1A37CE0C16D24ACFA66FF24A /* CAPI_DistortionRenderer.cpp */ = {isa = PBXFileReference; explicitFileType = sourcecode.cpp.cpp; fileEncoding = 30; name = CAPI_DistortionRenderer.cpp; path = ../../../addons/ofxOculusDK2/libs/LibOVR/Src/CAPI/CAPI_DistortionRenderer.cpp; sourceTree = SOURCE_ROOT; };
		1A5D87987A95B6B0E61C76D3 /* DistortionChroma_ps_refl.h */ = {isa = PBXFileReference; explicitFileType = sourcecode.c.h; fileEncoding = 30; name = DistortionChroma_ps_refl.h; path = ../../../addons/ofxOculusDK2/libs/LibOVR/Src/CAPI/Shaders/DistortionChroma_ps_refl.h; sourceTree = SOURCE_ROOT; };
		1A7FABBFE385ACA1CB119BBC /* CAPI_D3D9_Util.cpp */ = {isa = PBXFileReference; explicitFileType = sourcecode.cpp.cpp; fileEncoding = 30; name = CAPI_D3D9_Util.cpp; path = ../../../addons/ofxOculusDK2/libs/LibOVR/Src/CAPI/D3D1X/CAPI_D3D9_Util.cpp; sourceTree = SOURCE_ROOT; };
		209FBFCAE2886FC4589DAD7B /* OVR_Display.h */ = {isa = PBXFileReference; explicitFileType = sourcecode.c.h; fileEncoding = 30; name = OVR_Display.h; path = ../../../addons/ofxOculusDK2/libs/LibOVR/Src/Displays/OVR_Display.h; sourceTree = SOURCE_ROOT; };
		242C8C2C3DC78347F15DED53 /* OVR_System.h */ = {isa = PBXFileReference; explicitFileType = sourcecode.c.h; fileEncoding = 30; name = OVR_System.h; path = ../../../addons/ofxOculusDK2/libs/LibOVR/Src/Kernel/OVR_System.h; sourceTree = SOURCE_ROOT; };
		24D799CFAF00F299C5C2E0A5 /* OVR_Math.h */ = {isa = PBXFileReference; explicitFileType = sourcecode.c.h; fileEncoding = 30; name = OVR_Math.h; path = ../../../addons/ofxOculusDK2/libs/LibOVR/Src/Kernel/OVR_Math.h; sourceTree = SOURCE_ROOT; };
		2798557E4A13B8E9C6DD1191 /* DistortionTimewarp_vs_refl.h */ = {isa = PBXFileReference; explicitFileType = sourcecode.c.h; fileEncoding = 30; name = DistortionTimewarp_vs_refl.h; path = ../../../addons/ofxOculusDK2/libs/LibOVR/Src/CAPI/Shaders/DistortionTimewarp_vs_refl.h; sourceTree = SOURCE_ROOT; };
		27DFE5B425AF65CFA6C66DE4 /* CAPI_GL_DistortionShaders.h */ = {isa = PBXFileReference; explicitFileType = sourcecode.c.h; fileEncoding = 30; name = CAPI_GL_DistortionShaders.h; path = ../../../addons/ofxOculusDK2/libs/LibOVR/Src/CAPI/GL/CAPI_GL_DistortionShaders.h; sourceTree = SOURCE_ROOT; };
		2843742FAEBE29A0175E94ED /* OVR_Win32_ShimFunctions.cpp */ = {isa = PBXFileReference; explicitFileType = sourcecode.cpp.cpp; fileEncoding = 30; name = OVR_Win32_ShimFunctions.cpp; path = ../../../addons/ofxOculusDK2/libs/LibOVR/Src/Displays/OVR_Win32_ShimFunctions.cpp; sourceTree = SOURCE_ROOT; };
		2DD38CBE8899328EACC66893 /* OVR_PacketizedTCPSocket.h */ = {isa = PBXFileReference; explicitFileType = sourcecode.c.h; fileEncoding = 30; name = OVR_PacketizedTCPSocket.h; path = ../../../addons/ofxOculusDK2/libs/LibOVR/Src/Net/OVR_PacketizedTCPSocket.h; sourceTree = SOURCE_ROOT; };
		2DFAF37DACDA317EE51A3F0C /* OVR_Win32_Socket.cpp */ = {isa = PBXFileReference; explicitFileType = sourcecode.cpp.cpp; fileEncoding = 30; name = OVR_Win32_Socket.cpp; path = ../../../addons/ofxOculusDK2/libs/LibOVR/Src/Net/OVR_Win32_Socket.cpp; sourceTree = SOURCE_ROOT; };
		2F79E9313FEA9081E943ECCD /* CAPI_FrameTimeManager.h */ = {isa = PBXFileReference; explicitFileType = sourcecode.c.h; fileEncoding = 30; name = CAPI_FrameTimeManager.h; path = ../../../addons/ofxOculusDK2/libs/LibOVR/Src/CAPI/CAPI_FrameTimeManager.h; sourceTree = SOURCE_ROOT; };
		2FEF7C8CD2BA11CE13315F1C /* Service_NetClient.h */ = {isa = PBXFileReference; explicitFileType = sourcecode.c.h; fileEncoding = 30; name = Service_NetClient.h; path = ../../../addons/ofxOculusDK2/libs/LibOVR/Src/Service/Service_NetClient.h; sourceTree = SOURCE_ROOT; };
		32F56F7F5995D2B67AE94C81 /* tinyxml2.cpp */ = {isa = PBXFileReference; explicitFileType = sourcecode.cpp.cpp; fileEncoding = 30; name = tinyxml2.cpp; path = ../../../addons/ofxOculusDK2/libs/3rdParty/TinyXml/tinyxml2.cpp; sourceTree = SOURCE_ROOT; };
		334213024BB62D6D6468D626 /* OVR_StringHash.h */ = {isa = PBXFileReference; explicitFileType = sourcecode.c.h; fileEncoding = 30; name = OVR_StringHash.h; path = ../../../addons/ofxOculusDK2/libs/LibOVR/Src/Kernel/OVR_StringHash.h; sourceTree = SOURCE_ROOT; };
		34871E4023EECB8F647518D4 /* OVR_SysFile.cpp */ = {isa = PBXFileReference; explicitFileType = sourcecode.cpp.cpp; fileEncoding = 30; name = OVR_SysFile.cpp; path = ../../../addons/ofxOculusDK2/libs/LibOVR/Src/Kernel/OVR_SysFile.cpp; sourceTree = SOURCE_ROOT; };
		384F7AE8B1092A024629AA56 /* CAPI_GL_Util.cpp */ = {isa = PBXFileReference; explicitFileType = sourcecode.cpp.cpp; fileEncoding = 30; name = CAPI_GL_Util.cpp; path = ../../../addons/ofxOculusDK2/libs/LibOVR/Src/CAPI/GL/CAPI_GL_Util.cpp; sourceTree = SOURCE_ROOT; };
		39868ECDA3B78493600BCF49 /* OVR_Unix_Socket.cpp */ = {isa = PBXFileReference; explicitFileType = sourcecode.cpp.cpp; fileEncoding = 30; name = OVR_Unix_Socket.cpp; path = ../../../addons/ofxOculusDK2/libs/LibOVR/Src/Net/OVR_Unix_Socket.cpp; sourceTree = SOURCE_ROOT; };
		39DEA38AEE3BD6F0BF8E6097 /* CAPI_GL_HSWDisplay.cpp */ = {isa = PBXFileReference; explicitFileType = sourcecode.cpp.cpp; fileEncoding = 30; name = CAPI_GL_HSWDisplay.cpp; path = ../../../addons/ofxOculusDK2/libs/LibOVR/Src/CAPI/GL/CAPI_GL_HSWDisplay.cpp; sourceTree = SOURCE_ROOT; };
		3A6A5F8877B360322FBDAE85 /* SimpleQuad_vs.h */ = {isa = PBXFileReference; explicitFileType = sourcecode.c.h; fileEncoding = 30; name = SimpleQuad_vs.h; path = ../../../addons/ofxOculusDK2/libs/LibOVR/Src/CAPI/Shaders/SimpleQuad_vs.h; sourceTree = SOURCE_ROOT; };
		3B42DC26395E75A44AC316CC /* CAPI_D3D10_HSWDisplay.h */ = {isa = PBXFileReference; explicitFileType = sourcecode.c.h; fileEncoding = 30; name = CAPI_D3D10_HSWDisplay.h; path = ../../../addons/ofxOculusDK2/libs/LibOVR/Src/CAPI/D3D1X/CAPI_D3D10_HSWDisplay.h; sourceTree = SOURCE_ROOT; };
		3CAFFD2E56DAB505BDC2E665 /* OVR_SharedMemory.cpp */ = {isa = PBXFileReference; explicitFileType = sourcecode.cpp.cpp; fileEncoding = 30; name = OVR_SharedMemory.cpp; path = ../../../addons/ofxOculusDK2/libs/LibOVR/Src/Kernel/OVR_SharedMemory.cpp; sourceTree = SOURCE_ROOT; };
		3DA54CFCD2FC3763D3C0C01C /* OVR_Display.cpp */ = {isa = PBXFileReference; explicitFileType = sourcecode.cpp.cpp; fileEncoding = 30; name = OVR_Display.cpp; path = ../../../addons/ofxOculusDK2/libs/LibOVR/Src/Displays/OVR_Display.cpp; sourceTree = SOURCE_ROOT; };
		3F01695CECCD75E9457B36E7 /* CAPI_GL_Util.h */ = {isa = PBXFileReference; explicitFileType = sourcecode.c.h; fileEncoding = 30; name = CAPI_GL_Util.h; path = ../../../addons/ofxOculusDK2/libs/LibOVR/Src/CAPI/GL/CAPI_GL_Util.h; sourceTree = SOURCE_ROOT; };
		419561B611BD4C826532E9C0 /* OVR_SharedMemory.h */ = {isa = PBXFileReference; explicitFileType = sourcecode.c.h; fileEncoding = 30; name = OVR_SharedMemory.h; path = ../../../addons/ofxOculusDK2/libs/LibOVR/Src/Kernel/OVR_SharedMemory.h; sourceTree = SOURCE_ROOT; };
		425AFCD3D3C843A7F1B097DE /* OVR_Atomic.cpp */ = {isa = PBXFileReference; explicitFileType = sourcecode.cpp.cpp; fileEncoding = 30; name = OVR_Atomic.cpp; path = ../../../addons/ofxOculusDK2/libs/LibOVR/Src/Kernel/OVR_Atomic.cpp; sourceTree = SOURCE_ROOT; };
		433126DA60DC6054F801BC77 /* OVR_Profile.h */ = {isa = PBXFileReference; explicitFileType = sourcecode.c.h; fileEncoding = 30; name = OVR_Profile.h; path = ../../../addons/ofxOculusDK2/libs/LibOVR/Src/OVR_Profile.h; sourceTree = SOURCE_ROOT; };
		4372DCA44DB487AB2AEC7578 /* CAPI_D3D10_DistortionRenderer.h */ = {isa = PBXFileReference; explicitFileType = sourcecode.c.h; fileEncoding = 30; name = CAPI_D3D10_DistortionRenderer.h; path = ../../../addons/ofxOculusDK2/libs/LibOVR/Src/CAPI/D3D1X/CAPI_D3D10_DistortionRenderer.h; sourceTree = SOURCE_ROOT; };
		4403B3F5E9E7998394D773F7 /* DistortionTimewarpChroma_vs.h */ = {isa = PBXFileReference; explicitFileType = sourcecode.c.h; fileEncoding = 30; name = DistortionTimewarpChroma_vs.h; path = ../../../addons/ofxOculusDK2/libs/LibOVR/Src/CAPI/Shaders/DistortionTimewarpChroma_vs.h; sourceTree = SOURCE_ROOT; };
		4417CB47965FFA96EBC67523 /* OVR_Atomic.h */ = {isa = PBXFileReference; explicitFileType = sourcecode.c.h; fileEncoding = 30; name = OVR_Atomic.h; path = ../../../addons/ofxOculusDK2/libs/LibOVR/Src/Kernel/OVR_Atomic.h; sourceTree = SOURCE_ROOT; };
		442F8A01CC50E20062259B2D /* DistortionTimewarp_vs.h */ = {isa = PBXFileReference; explicitFileType = sourcecode.c.h; fileEncoding = 30; name = DistortionTimewarp_vs.h; path = ../../../addons/ofxOculusDK2/libs/LibOVR/Src/CAPI/Shaders/DistortionTimewarp_vs.h; sourceTree = SOURCE_ROOT; };
		44EB50880033E8BDEA54239B /* OVR_List.h */ = {isa = PBXFileReference; explicitFileType = sourcecode.c.h; fileEncoding = 30; name = OVR_List.h; path = ../../../addons/ofxOculusDK2/libs/LibOVR/Src/Kernel/OVR_List.h; sourceTree = SOURCE_ROOT; };
		4829D6026472108D114AE8F7 /* CAPI_D3D9_DistortionRenderer.h */ = {isa = PBXFileReference; explicitFileType = sourcecode.c.h; fileEncoding = 30; name = CAPI_D3D9_DistortionRenderer.h; path = ../../../addons/ofxOculusDK2/libs/LibOVR/Src/CAPI/D3D1X/CAPI_D3D9_DistortionRenderer.h; sourceTree = SOURCE_ROOT; };
		4A648D0616C84336E62C72BF /* CAPI_D3D11_HSWDisplay.cpp */ = {isa = PBXFileReference; explicitFileType = sourcecode.cpp.cpp; fileEncoding = 30; name = CAPI_D3D11_HSWDisplay.cpp; path = ../../../addons/ofxOculusDK2/libs/LibOVR/Src/CAPI/D3D1X/CAPI_D3D11_HSWDisplay.cpp; sourceTree = SOURCE_ROOT; };
		4A89063B10A4B6EF2537587F /* healthAndSafety.tga.h */ = {isa = PBXFileReference; explicitFileType = sourcecode.c.h; fileEncoding = 30; name = healthAndSafety.tga.h; path = ../../../addons/ofxOculusDK2/libs/LibOVR/Src/CAPI/Textures/healthAndSafety.tga.h; sourceTree = SOURCE_ROOT; };
		4AACAEA1F268F04014C6053F /* Util_ImageWindow.h */ = {isa = PBXFileReference; explicitFileType = sourcecode.c.h; fileEncoding = 30; name = Util_ImageWindow.h; path = ../../../addons/ofxOculusDK2/libs/LibOVR/Src/Util/Util_ImageWindow.h; sourceTree = SOURCE_ROOT; };
		4B1D0A61E17CF04D6F0F5E25 /* OVR_String.cpp */ = {isa = PBXFileReference; explicitFileType = sourcecode.cpp.cpp; fileEncoding = 30; name = OVR_String.cpp; path = ../../../addons/ofxOculusDK2/libs/LibOVR/Src/Kernel/OVR_String.cpp; sourceTree = SOURCE_ROOT; };
		4B41DC6DED14AC850B78E379 /* DistortionChroma_vs.h */ = {isa = PBXFileReference; explicitFileType = sourcecode.c.h; fileEncoding = 30; name = DistortionChroma_vs.h; path = ../../../addons/ofxOculusDK2/libs/LibOVR/Src/CAPI/Shaders/DistortionChroma_vs.h; sourceTree = SOURCE_ROOT; };
		4DC01948ABCC8C90AD641CB9 /* OVR_BitStream.cpp */ = {isa = PBXFileReference; explicitFileType = sourcecode.cpp.cpp; fileEncoding = 30; name = OVR_BitStream.cpp; path = ../../../addons/ofxOculusDK2/libs/LibOVR/Src/Net/OVR_BitStream.cpp; sourceTree = SOURCE_ROOT; };
		4E665523C3F6C2F59B142F2F /* OVR_JSON.h */ = {isa = PBXFileReference; explicitFileType = sourcecode.c.h; fileEncoding = 30; name = OVR_JSON.h; path = ../../../addons/ofxOculusDK2/libs/LibOVR/Src/OVR_JSON.h; sourceTree = SOURCE_ROOT; };
		4EAE1E1407394ED13C9E46CB /* CAPI_HSWDisplay.cpp */ = {isa = PBXFileReference; explicitFileType = sourcecode.cpp.cpp; fileEncoding = 30; name = CAPI_HSWDisplay.cpp; path = ../../../addons/ofxOculusDK2/libs/LibOVR/Src/CAPI/CAPI_HSWDisplay.cpp; sourceTree = SOURCE_ROOT; };
		4FBA91D28D927FAC23BECAEC /* CAPI_D3D9_DistortionRenderer.cpp */ = {isa = PBXFileReference; explicitFileType = sourcecode.cpp.cpp; fileEncoding = 30; name = CAPI_D3D9_DistortionRenderer.cpp; path = ../../../addons/ofxOculusDK2/libs/LibOVR/Src/CAPI/D3D1X/CAPI_D3D9_DistortionRenderer.cpp; sourceTree = SOURCE_ROOT; };
		501E34330614C5AC664946D4 /* CAPI_HMDState.h */ = {isa = PBXFileReference; explicitFileType = sourcecode.c.h; fileEncoding = 30; name = CAPI_HMDState.h; path = ../../../addons/ofxOculusDK2/libs/LibOVR/Src/CAPI/CAPI_HMDState.h; sourceTree = SOURCE_ROOT; };
		511CC54C7ACE5CFB98FB4A11 /* CAPI_D3D10_HSWDisplay.cpp */ = {isa = PBXFileReference; explicitFileType = sourcecode.cpp.cpp; fileEncoding = 30; name = CAPI_D3D10_HSWDisplay.cpp; path = ../../../addons/ofxOculusDK2/libs/LibOVR/Src/CAPI/D3D1X/CAPI_D3D10_HSWDisplay.cpp; sourceTree = SOURCE_ROOT; };
		51EA67E895D4DD184CA02010 /* CAPI_D3D11_DistortionRenderer.h */ = {isa = PBXFileReference; explicitFileType = sourcecode.c.h; fileEncoding = 30; name = CAPI_D3D11_DistortionRenderer.h; path = ../../../addons/ofxOculusDK2/libs/LibOVR/Src/CAPI/D3D1X/CAPI_D3D11_DistortionRenderer.h; sourceTree = SOURCE_ROOT; };
		55071EBB15591DF1E5D524E7 /* OVR_File.h */ = {isa = PBXFileReference; explicitFileType = sourcecode.c.h; fileEncoding = 30; name = OVR_File.h; path = ../../../addons/ofxOculusDK2/libs/LibOVR/Src/Kernel/OVR_File.h; sourceTree = SOURCE_ROOT; };
		554F48B48EADBCF92900DC2A /* SimpleTexturedQuad_vs.h */ = {isa = PBXFileReference; explicitFileType = sourcecode.c.h; fileEncoding = 30; name = SimpleTexturedQuad_vs.h; path = ../../../addons/ofxOculusDK2/libs/LibOVR/Src/CAPI/Shaders/SimpleTexturedQuad_vs.h; sourceTree = SOURCE_ROOT; };
		569B4D1B487E0470B0B99C45 /* OVR_ThreadCommandQueue.cpp */ = {isa = PBXFileReference; explicitFileType = sourcecode.cpp.cpp; fileEncoding = 30; name = OVR_ThreadCommandQueue.cpp; path = ../../../addons/ofxOculusDK2/libs/LibOVR/Src/Kernel/OVR_ThreadCommandQueue.cpp; sourceTree = SOURCE_ROOT; };
		597BF2FE0100525AC6E1FED9 /* Tracking_SensorStateReader.cpp */ = {isa = PBXFileReference; explicitFileType = sourcecode.cpp.cpp; fileEncoding = 30; name = Tracking_SensorStateReader.cpp; path = ../../../addons/ofxOculusDK2/libs/LibOVR/Src/Tracking/Tracking_SensorStateReader.cpp; sourceTree = SOURCE_ROOT; };
		597D834102FA1BBDDE9D8317 /* OVR_Hash.h */ = {isa = PBXFileReference; explicitFileType = sourcecode.c.h; fileEncoding = 30; name = OVR_Hash.h; path = ../../../addons/ofxOculusDK2/libs/LibOVR/Src/Kernel/OVR_Hash.h; sourceTree = SOURCE_ROOT; };
		5AE886530DECC4D5BF79F272 /* OVR_RefCount.cpp */ = {isa = PBXFileReference; explicitFileType = sourcecode.cpp.cpp; fileEncoding = 30; name = OVR_RefCount.cpp; path = ../../../addons/ofxOculusDK2/libs/LibOVR/Src/Kernel/OVR_RefCount.cpp; sourceTree = SOURCE_ROOT; };
		5B852C4EA7678A937CD2C8B0 /* CAPI_D3D1X_DistortionRenderer.cpp */ = {isa = PBXFileReference; explicitFileType = sourcecode.cpp.cpp; fileEncoding = 30; name = CAPI_D3D1X_DistortionRenderer.cpp; path = ../../../addons/ofxOculusDK2/libs/LibOVR/Src/CAPI/D3D1X/CAPI_D3D1X_DistortionRenderer.cpp; sourceTree = SOURCE_ROOT; };
		5C35170E39142DDDFD96D65A /* CAPI_GL_HSWDisplay.h */ = {isa = PBXFileReference; explicitFileType = sourcecode.c.h; fileEncoding = 30; name = CAPI_GL_HSWDisplay.h; path = ../../../addons/ofxOculusDK2/libs/LibOVR/Src/CAPI/GL/CAPI_GL_HSWDisplay.h; sourceTree = SOURCE_ROOT; };
		5CA8FA241DB4E9A505598DEE /* OVR_String.h */ = {isa = PBXFileReference; explicitFileType = sourcecode.c.h; fileEncoding = 30; name = OVR_String.h; path = ../../../addons/ofxOculusDK2/libs/LibOVR/Src/Kernel/OVR_String.h; sourceTree = SOURCE_ROOT; };
		5D19BDF2C56B727349113572 /* OVR_Stereo.h */ = {isa = PBXFileReference; explicitFileType = sourcecode.c.h; fileEncoding = 30; name = OVR_Stereo.h; path = ../../../addons/ofxOculusDK2/libs/LibOVR/Src/OVR_Stereo.h; sourceTree = SOURCE_ROOT; };
		5D5E65672E63ED6F76ECB9EF /* OVR_NetworkPlugin.cpp */ = {isa = PBXFileReference; explicitFileType = sourcecode.cpp.cpp; fileEncoding = 30; name = OVR_NetworkPlugin.cpp; path = ../../../addons/ofxOculusDK2/libs/LibOVR/Src/Net/OVR_NetworkPlugin.cpp; sourceTree = SOURCE_ROOT; };
		5D64D951902C0FB4457195F8 /* OVR_BitStream.h */ = {isa = PBXFileReference; explicitFileType = sourcecode.c.h; fileEncoding = 30; name = OVR_BitStream.h; path = ../../../addons/ofxOculusDK2/libs/LibOVR/Src/Net/OVR_BitStream.h; sourceTree = SOURCE_ROOT; };
		5E750B57BB64CCB49234F1C5 /* Util_Interface.cpp */ = {isa = PBXFileReference; explicitFileType = sourcecode.cpp.cpp; fileEncoding = 30; name = Util_Interface.cpp; path = ../../../addons/ofxOculusDK2/libs/LibOVR/Src/Util/Util_Interface.cpp; sourceTree = SOURCE_ROOT; };
		5F201CFFBD93D5D907DDA095 /* Util_LatencyTest2State.h */ = {isa = PBXFileReference; explicitFileType = sourcecode.c.h; fileEncoding = 30; name = Util_LatencyTest2State.h; path = ../../../addons/ofxOculusDK2/libs/LibOVR/Src/Util/Util_LatencyTest2State.h; sourceTree = SOURCE_ROOT; };
		643EF6853D847B65B7633959 /* CAPI_HSWDisplay.h */ = {isa = PBXFileReference; explicitFileType = sourcecode.c.h; fileEncoding = 30; name = CAPI_HSWDisplay.h; path = ../../../addons/ofxOculusDK2/libs/LibOVR/Src/CAPI/CAPI_HSWDisplay.h; sourceTree = SOURCE_ROOT; };
		646CC695EF0225E46605EF3A /* OVR_Std.h */ = {isa = PBXFileReference; explicitFileType = sourcecode.c.h; fileEncoding = 30; name = OVR_Std.h; path = ../../../addons/ofxOculusDK2/libs/LibOVR/Src/Kernel/OVR_Std.h; sourceTree = SOURCE_ROOT; };
		659B859DE44C0DF7DEEE9FDB /* OVR_Kernel.h */ = {isa = PBXFileReference; explicitFileType = sourcecode.c.h; fileEncoding = 30; name = OVR_Kernel.h; path = ../../../addons/ofxOculusDK2/libs/LibOVR/Include/OVR_Kernel.h; sourceTree = SOURCE_ROOT; };
		6AD11D41C280B2F7B0305858 /* OVR_Allocator.cpp */ = {isa = PBXFileReference; explicitFileType = sourcecode.cpp.cpp; fileEncoding = 30; name = OVR_Allocator.cpp; path = ../../../addons/ofxOculusDK2/libs/LibOVR/Src/Kernel/OVR_Allocator.cpp; sourceTree = SOURCE_ROOT; };
		6B55E3063BB1B7A93247856A /* OVR_Unix_Socket.h */ = {isa = PBXFileReference; explicitFileType = sourcecode.c.h; fileEncoding = 30; name = OVR_Unix_Socket.h; path = ../../../addons/ofxOculusDK2/libs/LibOVR/Src/Net/OVR_Unix_Socket.h; sourceTree = SOURCE_ROOT; };
		6DEC5327B5C05B4B3A0D1C44 /* Util_LatencyTest2Reader.cpp */ = {isa = PBXFileReference; explicitFileType = sourcecode.cpp.cpp; fileEncoding = 30; name = Util_LatencyTest2Reader.cpp; path = ../../../addons/ofxOculusDK2/libs/LibOVR/Src/Util/Util_LatencyTest2Reader.cpp; sourceTree = SOURCE_ROOT; };
		6F0DE0B857835FC5E836255C /* OVR_Version.h */ = {isa = PBXFileReference; explicitFileType = sourcecode.c.h; fileEncoding = 30; name = OVR_Version.h; path = ../../../addons/ofxOculusDK2/libs/LibOVR/Include/OVR_Version.h; sourceTree = SOURCE_ROOT; };
		7155BED6120D46D3BFE7444E /* OVR_Win32_ShimFunctions.h */ = {isa = PBXFileReference; explicitFileType = sourcecode.c.h; fileEncoding = 30; name = OVR_Win32_ShimFunctions.h; path = ../../../addons/ofxOculusDK2/libs/LibOVR/Src/Displays/OVR_Win32_ShimFunctions.h; sourceTree = SOURCE_ROOT; };
		722C5B6570434519932F1785 /* DistortionChroma_ps.h */ = {isa = PBXFileReference; explicitFileType = sourcecode.c.h; fileEncoding = 30; name = DistortionChroma_ps.h; path = ../../../addons/ofxOculusDK2/libs/LibOVR/Src/CAPI/Shaders/DistortionChroma_ps.h; sourceTree = SOURCE_ROOT; };
		72692F443F11C263E633FE68 /* OVR_Win32_FocusReader.h */ = {isa = PBXFileReference; explicitFileType = sourcecode.c.h; fileEncoding = 30; name = OVR_Win32_FocusReader.h; path = ../../../addons/ofxOculusDK2/libs/LibOVR/Src/Displays/OVR_Win32_FocusReader.h; sourceTree = SOURCE_ROOT; };
		74A7FC8A19FDB015DE6AD463 /* OVR_Observer.h */ = {isa = PBXFileReference; explicitFileType = sourcecode.c.h; fileEncoding = 30; name = OVR_Observer.h; path = ../../../addons/ofxOculusDK2/libs/LibOVR/Src/Kernel/OVR_Observer.h; sourceTree = SOURCE_ROOT; };
		75A74D7E468C90BCFAFD66E2 /* OVR_NetworkTypes.h */ = {isa = PBXFileReference; explicitFileType = sourcecode.c.h; fileEncoding = 30; name = OVR_NetworkTypes.h; path = ../../../addons/ofxOculusDK2/libs/LibOVR/Src/Net/OVR_NetworkTypes.h; sourceTree = SOURCE_ROOT; };
		7815A3D0B787C282474F62B6 /* Distortion_vs.h */ = {isa = PBXFileReference; explicitFileType = sourcecode.c.h; fileEncoding = 30; name = Distortion_vs.h; path = ../../../addons/ofxOculusDK2/libs/LibOVR/Src/CAPI/Shaders/Distortion_vs.h; sourceTree = SOURCE_ROOT; };
		789323F954E978272E1FA797 /* SimpleQuad_vs_refl.h */ = {isa = PBXFileReference; explicitFileType = sourcecode.c.h; fileEncoding = 30; name = SimpleQuad_vs_refl.h; path = ../../../addons/ofxOculusDK2/libs/LibOVR/Src/CAPI/Shaders/SimpleQuad_vs_refl.h; sourceTree = SOURCE_ROOT; };
		7E032DF34536E9B17110B38B /* OVR_SysFile.h */ = {isa = PBXFileReference; explicitFileType = sourcecode.c.h; fileEncoding = 30; name = OVR_SysFile.h; path = ../../../addons/ofxOculusDK2/libs/LibOVR/Src/Kernel/OVR_SysFile.h; sourceTree = SOURCE_ROOT; };
		7E77624EADCE621855E67D4C /* ofxOculusDK2.cpp */ = {isa = PBXFileReference; explicitFileType = sourcecode.cpp.cpp; fileEncoding = 30; name = ofxOculusDK2.cpp; path = ../../../addons/ofxOculusDK2/src/ofxOculusDK2.cpp; sourceTree = SOURCE_ROOT; };
		7EE4DD5464F41D4ABA5DC271 /* OVR_UTF8Util.cpp */ = {isa = PBXFileReference; explicitFileType = sourcecode.cpp.cpp; fileEncoding = 30; name = OVR_UTF8Util.cpp; path = ../../../addons/ofxOculusDK2/libs/LibOVR/Src/Kernel/OVR_UTF8Util.cpp; sourceTree = SOURCE_ROOT; };
		81ED9ADDD743952F03EE26C6 /* OVR_Session.cpp */ = {isa = PBXFileReference; explicitFileType = sourcecode.cpp.cpp; fileEncoding = 30; name = OVR_Session.cpp; path = ../../../addons/ofxOculusDK2/libs/LibOVR/Src/Net/OVR_Session.cpp; sourceTree = SOURCE_ROOT; };
		84B0E65506F97B55FCB4318E /* OVR_Win32_Display.cpp */ = {isa = PBXFileReference; explicitFileType = sourcecode.cpp.cpp; fileEncoding = 30; name = OVR_Win32_Display.cpp; path = ../../../addons/ofxOculusDK2/libs/LibOVR/Src/Displays/OVR_Win32_Display.cpp; sourceTree = SOURCE_ROOT; };
		850F34AAFE5B7DBFB079AC7B /* Tracking_SensorState.h */ = {isa = PBXFileReference; explicitFileType = sourcecode.c.h; fileEncoding = 30; name = Tracking_SensorState.h; path = ../../../addons/ofxOculusDK2/libs/LibOVR/Src/Tracking/Tracking_SensorState.h; sourceTree = SOURCE_ROOT; };
		8795EEDC0DD2C0898321BABC /* Distortion_vs_refl.h */ = {isa = PBXFileReference; explicitFileType = sourcecode.c.h; fileEncoding = 30; name = Distortion_vs_refl.h; path = ../../../addons/ofxOculusDK2/libs/LibOVR/Src/CAPI/Shaders/Distortion_vs_refl.h; sourceTree = SOURCE_ROOT; };
		88B293D34C4A4EFD1CFFA59B /* OVR_Socket.cpp */ = {isa = PBXFileReference; explicitFileType = sourcecode.cpp.cpp; fileEncoding = 30; name = OVR_Socket.cpp; path = ../../../addons/ofxOculusDK2/libs/LibOVR/Src/Net/OVR_Socket.cpp; sourceTree = SOURCE_ROOT; };
		895D58A0905632CAA95FAA5A /* DistortionChroma_vs_refl.h */ = {isa = PBXFileReference; explicitFileType = sourcecode.c.h; fileEncoding = 30; name = DistortionChroma_vs_refl.h; path = ../../../addons/ofxOculusDK2/libs/LibOVR/Src/CAPI/Shaders/DistortionChroma_vs_refl.h; sourceTree = SOURCE_ROOT; };
		8AABE82814136C3516646F22 /* SimpleTexturedQuad_vs_refl.h */ = {isa = PBXFileReference; explicitFileType = sourcecode.c.h; fileEncoding = 30; name = SimpleTexturedQuad_vs_refl.h; path = ../../../addons/ofxOculusDK2/libs/LibOVR/Src/CAPI/Shaders/SimpleTexturedQuad_vs_refl.h; sourceTree = SOURCE_ROOT; };
		8B2192E807F98C3ADB40E25D /* OVR_Profile.cpp */ = {isa = PBXFileReference; explicitFileType = sourcecode.cpp.cpp; fileEncoding = 30; name = OVR_Profile.cpp; path = ../../../addons/ofxOculusDK2/libs/LibOVR/Src/OVR_Profile.cpp; sourceTree = SOURCE_ROOT; };
		8BA2B69D7A913FECF57BAC61 /* CAPI_D3D1X_HSWDisplay.cpp */ = {isa = PBXFileReference; explicitFileType = sourcecode.cpp.cpp; fileEncoding = 30; name = CAPI_D3D1X_HSWDisplay.cpp; path = ../../../addons/ofxOculusDK2/libs/LibOVR/Src/CAPI/D3D1X/CAPI_D3D1X_HSWDisplay.cpp; sourceTree = SOURCE_ROOT; };
		8EB73F0BB1F01AFDA179706F /* Tracking_SensorStateReader.h */ = {isa = PBXFileReference; explicitFileType = sourcecode.c.h; fileEncoding = 30; name = Tracking_SensorStateReader.h; path = ../../../addons/ofxOculusDK2/libs/LibOVR/Src/Tracking/Tracking_SensorStateReader.h; sourceTree = SOURCE_ROOT; };
		8ED01E3413F9D233F49AB93D /* OVR_MessageIDTypes.h */ = {isa = PBXFileReference; explicitFileType = sourcecode.c.h; fileEncoding = 30; name = OVR_MessageIDTypes.h; path = ../../../addons/ofxOculusDK2/libs/LibOVR/Src/Net/OVR_MessageIDTypes.h; sourceTree = SOURCE_ROOT; };
		909403F38B2ED291883C3FE2 /* CAPI_D3D11_HSWDisplay.h */ = {isa = PBXFileReference; explicitFileType = sourcecode.c.h; fileEncoding = 30; name = CAPI_D3D11_HSWDisplay.h; path = ../../../addons/ofxOculusDK2/libs/LibOVR/Src/CAPI/D3D1X/CAPI_D3D11_HSWDisplay.h; sourceTree = SOURCE_ROOT; };
		91E4C62611DBFD0B9445DCCE /* CAPI_GL_DistortionRenderer.cpp */ = {isa = PBXFileReference; explicitFileType = sourcecode.cpp.cpp; fileEncoding = 30; name = CAPI_GL_DistortionRenderer.cpp; path = ../../../addons/ofxOculusDK2/libs/LibOVR/Src/CAPI/GL/CAPI_GL_DistortionRenderer.cpp; sourceTree = SOURCE_ROOT; };
		9A4F00DE77934A9DF81D7227 /* SimpleQuad_ps_refl.h */ = {isa = PBXFileReference; explicitFileType = sourcecode.c.h; fileEncoding = 30; name = SimpleQuad_ps_refl.h; path = ../../../addons/ofxOculusDK2/libs/LibOVR/Src/CAPI/Shaders/SimpleQuad_ps_refl.h; sourceTree = SOURCE_ROOT; };
		9A85BE9D27D8026BDEA07874 /* SimpleQuad_ps.h */ = {isa = PBXFileReference; explicitFileType = sourcecode.c.h; fileEncoding = 30; name = SimpleQuad_ps.h; path = ../../../addons/ofxOculusDK2/libs/LibOVR/Src/CAPI/Shaders/SimpleQuad_ps.h; sourceTree = SOURCE_ROOT; };
		9A9225AC48E099DED41AB94A /* CAPI_D3D10_DistortionRenderer.cpp */ = {isa = PBXFileReference; explicitFileType = sourcecode.cpp.cpp; fileEncoding = 30; name = CAPI_D3D10_DistortionRenderer.cpp; path = ../../../addons/ofxOculusDK2/libs/LibOVR/Src/CAPI/D3D1X/CAPI_D3D10_DistortionRenderer.cpp; sourceTree = SOURCE_ROOT; };
		9C6B3F190497892615908FCA /* Tracking_PoseState.h */ = {isa = PBXFileReference; explicitFileType = sourcecode.c.h; fileEncoding = 30; name = Tracking_PoseState.h; path = ../../../addons/ofxOculusDK2/libs/LibOVR/Src/Tracking/Tracking_PoseState.h; sourceTree = SOURCE_ROOT; };
		9D49DA2DFA31EE6553916D45 /* OVR_PacketizedTCPSocket.cpp */ = {isa = PBXFileReference; explicitFileType = sourcecode.cpp.cpp; fileEncoding = 30; name = OVR_PacketizedTCPSocket.cpp; path = ../../../addons/ofxOculusDK2/libs/LibOVR/Src/Net/OVR_PacketizedTCPSocket.cpp; sourceTree = SOURCE_ROOT; };
		A05834E7BC4D4B7AC5F72312 /* OVR_RPC1.h */ = {isa = PBXFileReference; explicitFileType = sourcecode.c.h; fileEncoding = 30; name = OVR_RPC1.h; path = ../../../addons/ofxOculusDK2/libs/LibOVR/Src/Net/OVR_RPC1.h; sourceTree = SOURCE_ROOT; };
		A3558CC8DEAB95377D6BDED8 /* OVR_CRC32.cpp */ = {isa = PBXFileReference; explicitFileType = sourcecode.cpp.cpp; fileEncoding = 30; name = OVR_CRC32.cpp; path = ../../../addons/ofxOculusDK2/libs/LibOVR/Src/Kernel/OVR_CRC32.cpp; sourceTree = SOURCE_ROOT; };
		A3F6A0E5E2AD4C44F191DA85 /* OVR_Array.h */ = {isa = PBXFileReference; explicitFileType = sourcecode.c.h; fileEncoding = 30; name = OVR_Array.h; path = ../../../addons/ofxOculusDK2/libs/LibOVR/Src/Kernel/OVR_Array.h; sourceTree = SOURCE_ROOT; };
		A72E5C7759A43B103733AE43 /* CAPI_D3D1X_HSWDisplay.h */ = {isa = PBXFileReference; explicitFileType = sourcecode.c.h; fileEncoding = 30; name = CAPI_D3D1X_HSWDisplay.h; path = ../../../addons/ofxOculusDK2/libs/LibOVR/Src/CAPI/D3D1X/CAPI_D3D1X_HSWDisplay.h; sourceTree = SOURCE_ROOT; };
		A9234C9F1563EC00624CF0DA /* Util_Render_Stereo.h */ = {isa = PBXFileReference; explicitFileType = sourcecode.c.h; fileEncoding = 30; name = Util_Render_Stereo.h; path = ../../../addons/ofxOculusDK2/libs/LibOVR/Src/Util/Util_Render_Stereo.h; sourceTree = SOURCE_ROOT; };
		AAA7DA173B431805F094D463 /* Distortion_ps.h */ = {isa = PBXFileReference; explicitFileType = sourcecode.c.h; fileEncoding = 30; name = Distortion_ps.h; path = ../../../addons/ofxOculusDK2/libs/LibOVR/Src/CAPI/Shaders/Distortion_ps.h; sourceTree = SOURCE_ROOT; };
		AB714C5999994548EB2CACA4 /* Util_Render_Stereo.cpp */ = {isa = PBXFileReference; explicitFileType = sourcecode.cpp.cpp; fileEncoding = 30; name = Util_Render_Stereo.cpp; path = ../../../addons/ofxOculusDK2/libs/LibOVR/Src/Util/Util_Render_Stereo.cpp; sourceTree = SOURCE_ROOT; };
		AE0FD588151BE5A546BCEBF7 /* OVR_SerialFormat.cpp */ = {isa = PBXFileReference; explicitFileType = sourcecode.cpp.cpp; fileEncoding = 30; name = OVR_SerialFormat.cpp; path = ../../../addons/ofxOculusDK2/libs/LibOVR/Src/OVR_SerialFormat.cpp; sourceTree = SOURCE_ROOT; };
		B1349C088832E7586AF1C516 /* CAPI_FrameTimeManager.cpp */ = {isa = PBXFileReference; explicitFileType = sourcecode.cpp.cpp; fileEncoding = 30; name = CAPI_FrameTimeManager.cpp; path = ../../../addons/ofxOculusDK2/libs/LibOVR/Src/CAPI/CAPI_FrameTimeManager.cpp; sourceTree = SOURCE_ROOT; };
		B3565210A37351B03D9EE109 /* OVR_CAPI.h */ = {isa = PBXFileReference; explicitFileType = sourcecode.c.h; fileEncoding = 30; name = OVR_CAPI.h; path = ../../../addons/ofxOculusDK2/libs/LibOVR/Src/OVR_CAPI.h; sourceTree = SOURCE_ROOT; };
		B66795DB5A7B2A886F7E287D /* DistortionTimewarpChroma_vs_refl.h */ = {isa = PBXFileReference; explicitFileType = sourcecode.c.h; fileEncoding = 30; name = DistortionTimewarpChroma_vs_refl.h; path = ../../../addons/ofxOculusDK2/libs/LibOVR/Src/CAPI/Shaders/DistortionTimewarpChroma_vs_refl.h; sourceTree = SOURCE_ROOT; };
		B93B9CB9B25209C9FD0A1C79 /* OVR_Types.h */ = {isa = PBXFileReference; explicitFileType = sourcecode.c.h; fileEncoding = 30; name = OVR_Types.h; path = ../../../addons/ofxOculusDK2/libs/LibOVR/Src/Kernel/OVR_Types.h; sourceTree = SOURCE_ROOT; };
		B94DE448D5AC640101E07333 /* OVR_KeyCodes.h */ = {isa = PBXFileReference; explicitFileType = sourcecode.c.h; fileEncoding = 30; name = OVR_KeyCodes.h; path = ../../../addons/ofxOculusDK2/libs/LibOVR/Src/Kernel/OVR_KeyCodes.h; sourceTree = SOURCE_ROOT; };
		B9E3EBC491AC28EE5860CD98 /* OVR_ContainerAllocator.h */ = {isa = PBXFileReference; explicitFileType = sourcecode.c.h; fileEncoding = 30; name = OVR_ContainerAllocator.h; path = ../../../addons/ofxOculusDK2/libs/LibOVR/Src/Kernel/OVR_ContainerAllocator.h; sourceTree = SOURCE_ROOT; };
		BB956FA700631EF5DA9C6A0F /* CAPI_D3D9_HSWDisplay.h */ = {isa = PBXFileReference; explicitFileType = sourcecode.c.h; fileEncoding = 30; name = CAPI_D3D9_HSWDisplay.h; path = ../../../addons/ofxOculusDK2/libs/LibOVR/Src/CAPI/D3D1X/CAPI_D3D9_HSWDisplay.h; sourceTree = SOURCE_ROOT; };
		BBAB23BE13894E4700AA2426 /* GLUT.framework */ = {isa = PBXFileReference; lastKnownFileType = wrapper.framework; name = GLUT.framework; path = ../../../libs/glut/lib/osx/GLUT.framework; sourceTree = "<group>"; };
		BCE5A9961FA0E48D29B478B9 /* OVR_Alg.cpp */ = {isa = PBXFileReference; explicitFileType = sourcecode.cpp.cpp; fileEncoding = 30; name = OVR_Alg.cpp; path = ../../../addons/ofxOculusDK2/libs/LibOVR/Src/Kernel/OVR_Alg.cpp; sourceTree = SOURCE_ROOT; };
		BE3EA04E071E26A57CCB5AC2 /* SimpleTexturedQuad_ps_refl.h */ = {isa = PBXFileReference; explicitFileType = sourcecode.c.h; fileEncoding = 30; name = SimpleTexturedQuad_ps_refl.h; path = ../../../addons/ofxOculusDK2/libs/LibOVR/Src/CAPI/Shaders/SimpleTexturedQuad_ps_refl.h; sourceTree = SOURCE_ROOT; };
		BEEB9823EB29FDE9B117F87D /* SimpleTexturedQuad_ps.h */ = {isa = PBXFileReference; explicitFileType = sourcecode.c.h; fileEncoding = 30; name = SimpleTexturedQuad_ps.h; path = ../../../addons/ofxOculusDK2/libs/LibOVR/Src/CAPI/Shaders/SimpleTexturedQuad_ps.h; sourceTree = SOURCE_ROOT; };
		BFD1D81AF1FEB7A6F4CC5897 /* OVR_String_PathUtil.cpp */ = {isa = PBXFileReference; explicitFileType = sourcecode.cpp.cpp; fileEncoding = 30; name = OVR_String_PathUtil.cpp; path = ../../../addons/ofxOculusDK2/libs/LibOVR/Src/Kernel/OVR_String_PathUtil.cpp; sourceTree = SOURCE_ROOT; };
		BFE49DC372128F9DC0CE8492 /* CAPI_DistortionRenderer.h */ = {isa = PBXFileReference; explicitFileType = sourcecode.c.h; fileEncoding = 30; name = CAPI_DistortionRenderer.h; path = ../../../addons/ofxOculusDK2/libs/LibOVR/Src/CAPI/CAPI_DistortionRenderer.h; sourceTree = SOURCE_ROOT; };
		C0B3B1CC7EED7498C599D765 /* OVR_OSX_Display.cpp */ = {isa = PBXFileReference; explicitFileType = sourcecode.cpp.cpp; fileEncoding = 30; name = OVR_OSX_Display.cpp; path = ../../../addons/ofxOculusDK2/libs/LibOVR/Src/Displays/OVR_OSX_Display.cpp; sourceTree = SOURCE_ROOT; };
		C0DD0A7D30F71D808D6D2FEB /* OVR_Timer.h */ = {isa = PBXFileReference; explicitFileType = sourcecode.c.h; fileEncoding = 30; name = OVR_Timer.h; path = ../../../addons/ofxOculusDK2/libs/LibOVR/Src/Kernel/OVR_Timer.h; sourceTree = SOURCE_ROOT; };
		C2D7E768220E06FD63140A4E /* OVR_CRC32.h */ = {isa = PBXFileReference; explicitFileType = sourcecode.c.h; fileEncoding = 30; name = OVR_CRC32.h; path = ../../../addons/ofxOculusDK2/libs/LibOVR/Src/Kernel/OVR_CRC32.h; sourceTree = SOURCE_ROOT; };
		C346C405DFD0F40A2A4B2FA0 /* CAPI_HMDRenderState.cpp */ = {isa = PBXFileReference; explicitFileType = sourcecode.cpp.cpp; fileEncoding = 30; name = CAPI_HMDRenderState.cpp; path = ../../../addons/ofxOculusDK2/libs/LibOVR/Src/CAPI/CAPI_HMDRenderState.cpp; sourceTree = SOURCE_ROOT; };
		C4F365DD6C176E761D8021FD /* OVR_Nullptr.h */ = {isa = PBXFileReference; explicitFileType = sourcecode.c.h; fileEncoding = 30; name = OVR_Nullptr.h; path = ../../../addons/ofxOculusDK2/libs/LibOVR/Src/Kernel/OVR_Nullptr.h; sourceTree = SOURCE_ROOT; };
		C7BA4AF4C13662A73EB6320F /* OVR_CAPI_D3D.h */ = {isa = PBXFileReference; explicitFileType = sourcecode.c.h; fileEncoding = 30; name = OVR_CAPI_D3D.h; path = ../../../addons/ofxOculusDK2/libs/LibOVR/Src/OVR_CAPI_D3D.h; sourceTree = SOURCE_ROOT; };
		C7C2F1318C5DBEB9DE3B3E67 /* OVR_Alg.h */ = {isa = PBXFileReference; explicitFileType = sourcecode.c.h; fileEncoding = 30; name = OVR_Alg.h; path = ../../../addons/ofxOculusDK2/libs/LibOVR/Src/Kernel/OVR_Alg.h; sourceTree = SOURCE_ROOT; };
		CAE7592ADC714B20BD18CE62 /* OVR_Timer.cpp */ = {isa = PBXFileReference; explicitFileType = sourcecode.cpp.cpp; fileEncoding = 30; name = OVR_Timer.cpp; path = ../../../addons/ofxOculusDK2/libs/LibOVR/Src/Kernel/OVR_Timer.cpp; sourceTree = SOURCE_ROOT; };
		CC3B059CB4F1CA9B3F73117E /* OVR_Lockless.cpp */ = {isa = PBXFileReference; explicitFileType = sourcecode.cpp.cpp; fileEncoding = 30; name = OVR_Lockless.cpp; path = ../../../addons/ofxOculusDK2/libs/LibOVR/Src/Kernel/OVR_Lockless.cpp; sourceTree = SOURCE_ROOT; };
		CC4FFE131689FDA4FF65E198 /* Distortion_ps_refl.h */ = {isa = PBXFileReference; explicitFileType = sourcecode.c.h; fileEncoding = 30; name = Distortion_ps_refl.h; path = ../../../addons/ofxOculusDK2/libs/LibOVR/Src/CAPI/Shaders/Distortion_ps_refl.h; sourceTree = SOURCE_ROOT; };
		CCFFF99D8289F8E392EA098F /* OVR_Log.cpp */ = {isa = PBXFileReference; explicitFileType = sourcecode.cpp.cpp; fileEncoding = 30; name = OVR_Log.cpp; path = ../../../addons/ofxOculusDK2/libs/LibOVR/Src/Kernel/OVR_Log.cpp; sourceTree = SOURCE_ROOT; };
		CF9EAD7DD3FD51EC17168DA2 /* OVR_RefCount.h */ = {isa = PBXFileReference; explicitFileType = sourcecode.c.h; fileEncoding = 30; name = OVR_RefCount.h; path = ../../../addons/ofxOculusDK2/libs/LibOVR/Src/Kernel/OVR_RefCount.h; sourceTree = SOURCE_ROOT; };
		CFBF73FC9CE1AFC06CC70754 /* OVR_OSX_Display.h */ = {isa = PBXFileReference; explicitFileType = sourcecode.c.h; fileEncoding = 30; name = OVR_OSX_Display.h; path = ../../../addons/ofxOculusDK2/libs/LibOVR/Src/Displays/OVR_OSX_Display.h; sourceTree = SOURCE_ROOT; };
		D15F0A874F85CB8339C784AC /* OVR_Win32_FocusReader.cpp */ = {isa = PBXFileReference; explicitFileType = sourcecode.cpp.cpp; fileEncoding = 30; name = OVR_Win32_FocusReader.cpp; path = ../../../addons/ofxOculusDK2/libs/LibOVR/Src/Displays/OVR_Win32_FocusReader.cpp; sourceTree = SOURCE_ROOT; };
		D34E18DA0B7FC1FECCBC47C3 /* OVR_FileFILE.cpp */ = {isa = PBXFileReference; explicitFileType = sourcecode.cpp.cpp; fileEncoding = 30; name = OVR_FileFILE.cpp; path = ../../../addons/ofxOculusDK2/libs/LibOVR/Src/Kernel/OVR_FileFILE.cpp; sourceTree = SOURCE_ROOT; };
		D46D2F16BA1DE58B3A879C51 /* OVR_Session.h */ = {isa = PBXFileReference; explicitFileType = sourcecode.c.h; fileEncoding = 30; name = OVR_Session.h; path = ../../../addons/ofxOculusDK2/libs/LibOVR/Src/Net/OVR_Session.h; sourceTree = SOURCE_ROOT; };
		D4AE3D3E2E0B1F28E416284F /* OVR_SerialFormat.h */ = {isa = PBXFileReference; explicitFileType = sourcecode.c.h; fileEncoding = 30; name = OVR_SerialFormat.h; path = ../../../addons/ofxOculusDK2/libs/LibOVR/Src/OVR_SerialFormat.h; sourceTree = SOURCE_ROOT; };
		D5AE7E35FAC8F366A9332F46 /* OVR_Compiler.h */ = {isa = PBXFileReference; explicitFileType = sourcecode.c.h; fileEncoding = 30; name = OVR_Compiler.h; path = ../../../addons/ofxOculusDK2/libs/LibOVR/Src/Kernel/OVR_Compiler.h; sourceTree = SOURCE_ROOT; };
		D8149C17A997BB265972BF28 /* OVR_String_FormatUtil.cpp */ = {isa = PBXFileReference; explicitFileType = sourcecode.cpp.cpp; fileEncoding = 30; name = OVR_String_FormatUtil.cpp; path = ../../../addons/ofxOculusDK2/libs/LibOVR/Src/Kernel/OVR_String_FormatUtil.cpp; sourceTree = SOURCE_ROOT; };
		D82ECF9942D5E287FF00CFCB /* CAPI_GL_DistortionRenderer.h */ = {isa = PBXFileReference; explicitFileType = sourcecode.c.h; fileEncoding = 30; name = CAPI_GL_DistortionRenderer.h; path = ../../../addons/ofxOculusDK2/libs/LibOVR/Src/CAPI/GL/CAPI_GL_DistortionRenderer.h; sourceTree = SOURCE_ROOT; };
		DB143E47C5D79F1D6245398F /* OVR_Delegates.h */ = {isa = PBXFileReference; explicitFileType = sourcecode.c.h; fileEncoding = 30; name = OVR_Delegates.h; path = ../../../addons/ofxOculusDK2/libs/LibOVR/Src/Kernel/OVR_Delegates.h; sourceTree = SOURCE_ROOT; };
		DD877984B96FFFDD79801BFD /* OVR_ThreadCommandQueue.h */ = {isa = PBXFileReference; explicitFileType = sourcecode.c.h; fileEncoding = 30; name = OVR_ThreadCommandQueue.h; path = ../../../addons/ofxOculusDK2/libs/LibOVR/Src/Kernel/OVR_ThreadCommandQueue.h; sourceTree = SOURCE_ROOT; };
		DF86AB657E38AE63D0EA6ED6 /* Service_NetSessionCommon.h */ = {isa = PBXFileReference; explicitFileType = sourcecode.c.h; fileEncoding = 30; name = Service_NetSessionCommon.h; path = ../../../addons/ofxOculusDK2/libs/LibOVR/Src/Service/Service_NetSessionCommon.h; sourceTree = SOURCE_ROOT; };
		E015E35C12606D76B4675C57 /* CAPI_HMDRenderState.h */ = {isa = PBXFileReference; explicitFileType = sourcecode.c.h; fileEncoding = 30; name = CAPI_HMDRenderState.h; path = ../../../addons/ofxOculusDK2/libs/LibOVR/Src/CAPI/CAPI_HMDRenderState.h; sourceTree = SOURCE_ROOT; };
		E4328143138ABC890047C5CB /* openFrameworksLib.xcodeproj */ = {isa = PBXFileReference; lastKnownFileType = "wrapper.pb-project"; name = openFrameworksLib.xcodeproj; path = ../../../libs/openFrameworksCompiled/project/osx/openFrameworksLib.xcodeproj; sourceTree = SOURCE_ROOT; };
		E45BE9710E8CC7DD009D7055 /* AGL.framework */ = {isa = PBXFileReference; lastKnownFileType = wrapper.framework; name = AGL.framework; path = /System/Library/Frameworks/AGL.framework; sourceTree = "<absolute>"; };
		E45BE9720E8CC7DD009D7055 /* ApplicationServices.framework */ = {isa = PBXFileReference; lastKnownFileType = wrapper.framework; name = ApplicationServices.framework; path = /System/Library/Frameworks/ApplicationServices.framework; sourceTree = "<absolute>"; };
		E45BE9730E8CC7DD009D7055 /* AudioToolbox.framework */ = {isa = PBXFileReference; lastKnownFileType = wrapper.framework; name = AudioToolbox.framework; path = /System/Library/Frameworks/AudioToolbox.framework; sourceTree = "<absolute>"; };
		E45BE9750E8CC7DD009D7055 /* CoreAudio.framework */ = {isa = PBXFileReference; lastKnownFileType = wrapper.framework; name = CoreAudio.framework; path = /System/Library/Frameworks/CoreAudio.framework; sourceTree = "<absolute>"; };
		E45BE9760E8CC7DD009D7055 /* CoreFoundation.framework */ = {isa = PBXFileReference; lastKnownFileType = wrapper.framework; name = CoreFoundation.framework; path = /System/Library/Frameworks/CoreFoundation.framework; sourceTree = "<absolute>"; };
		E45BE9770E8CC7DD009D7055 /* CoreServices.framework */ = {isa = PBXFileReference; lastKnownFileType = wrapper.framework; name = CoreServices.framework; path = /System/Library/Frameworks/CoreServices.framework; sourceTree = "<absolute>"; };
		E45BE9790E8CC7DD009D7055 /* OpenGL.framework */ = {isa = PBXFileReference; lastKnownFileType = wrapper.framework; name = OpenGL.framework; path = /System/Library/Frameworks/OpenGL.framework; sourceTree = "<absolute>"; };
		E45BE97A0E8CC7DD009D7055 /* QuickTime.framework */ = {isa = PBXFileReference; lastKnownFileType = wrapper.framework; name = QuickTime.framework; path = /System/Library/Frameworks/QuickTime.framework; sourceTree = "<absolute>"; };
		E4737B6D0AF6159E586FC6E7 /* CAPI_D3D11_DistortionRenderer.cpp */ = {isa = PBXFileReference; explicitFileType = sourcecode.cpp.cpp; fileEncoding = 30; name = CAPI_D3D11_DistortionRenderer.cpp; path = ../../../addons/ofxOculusDK2/libs/LibOVR/Src/CAPI/D3D1X/CAPI_D3D11_DistortionRenderer.cpp; sourceTree = SOURCE_ROOT; };
		E4B69B5B0A3A1756003C02F2 /* OculusDK2TestsDebug.app */ = {isa = PBXFileReference; explicitFileType = wrapper.application; includeInIndex = 0; path = OculusDK2TestsDebug.app; sourceTree = BUILT_PRODUCTS_DIR; };
		E4B69E1D0A3A1BDC003C02F2 /* main.cpp */ = {isa = PBXFileReference; fileEncoding = 30; lastKnownFileType = sourcecode.cpp.cpp; name = main.cpp; path = src/main.cpp; sourceTree = SOURCE_ROOT; };
		E4B69E1E0A3A1BDC003C02F2 /* ofApp.cpp */ = {isa = PBXFileReference; explicitFileType = sourcecode.cpp.cpp; fileEncoding = 30; name = ofApp.cpp; path = src/ofApp.cpp; sourceTree = SOURCE_ROOT; };
		E4B69E1F0A3A1BDC003C02F2 /* ofApp.h */ = {isa = PBXFileReference; fileEncoding = 30; lastKnownFileType = sourcecode.c.h; name = ofApp.h; path = src/ofApp.h; sourceTree = SOURCE_ROOT; };
		E4B6FCAD0C3E899E008CF71C /* openFrameworks-Info.plist */ = {isa = PBXFileReference; fileEncoding = 30; lastKnownFileType = text.plist.xml; path = "openFrameworks-Info.plist"; sourceTree = "<group>"; };
		E4C2424410CC5A17004149E2 /* AppKit.framework */ = {isa = PBXFileReference; lastKnownFileType = wrapper.framework; name = AppKit.framework; path = /System/Library/Frameworks/AppKit.framework; sourceTree = "<absolute>"; };
		E4C2424510CC5A17004149E2 /* Cocoa.framework */ = {isa = PBXFileReference; lastKnownFileType = wrapper.framework; name = Cocoa.framework; path = /System/Library/Frameworks/Cocoa.framework; sourceTree = "<absolute>"; };
		E4C2424610CC5A17004149E2 /* IOKit.framework */ = {isa = PBXFileReference; lastKnownFileType = wrapper.framework; name = IOKit.framework; path = /System/Library/Frameworks/IOKit.framework; sourceTree = "<absolute>"; };
		E4EB691F138AFCF100A09F29 /* CoreOF.xcconfig */ = {isa = PBXFileReference; fileEncoding = 4; lastKnownFileType = text.xcconfig; name = CoreOF.xcconfig; path = ../../../libs/openFrameworksCompiled/project/osx/CoreOF.xcconfig; sourceTree = SOURCE_ROOT; };
		E4EB6923138AFD0F00A09F29 /* Project.xcconfig */ = {isa = PBXFileReference; fileEncoding = 4; lastKnownFileType = text.xcconfig; path = Project.xcconfig; sourceTree = "<group>"; };
		E7CBEB2B6184179C4ED9DA8E /* OVR_Win32_RenderShim.cpp */ = {isa = PBXFileReference; explicitFileType = sourcecode.cpp.cpp; fileEncoding = 30; name = OVR_Win32_RenderShim.cpp; path = ../../../addons/ofxOculusDK2/libs/LibOVR/Src/Displays/OVR_Win32_RenderShim.cpp; sourceTree = SOURCE_ROOT; };
		E7D1FB341A8960A0309277F1 /* OVR_Socket.h */ = {isa = PBXFileReference; explicitFileType = sourcecode.c.h; fileEncoding = 30; name = OVR_Socket.h; path = ../../../addons/ofxOculusDK2/libs/LibOVR/Src/Net/OVR_Socket.h; sourceTree = SOURCE_ROOT; };
		E7E077E415D3B63C0020DFD4 /* CoreVideo.framework */ = {isa = PBXFileReference; lastKnownFileType = wrapper.framework; name = CoreVideo.framework; path = /System/Library/Frameworks/CoreVideo.framework; sourceTree = "<absolute>"; };
		E7E077E715D3B6510020DFD4 /* QTKit.framework */ = {isa = PBXFileReference; lastKnownFileType = wrapper.framework; name = QTKit.framework; path = /System/Library/Frameworks/QTKit.framework; sourceTree = "<absolute>"; };
		E7F985F515E0DE99003869B5 /* Accelerate.framework */ = {isa = PBXFileReference; lastKnownFileType = wrapper.framework; name = Accelerate.framework; path = /System/Library/Frameworks/Accelerate.framework; sourceTree = "<absolute>"; };
		E8CA2257FD00DFD8190ECA1F /* OVR.h */ = {isa = PBXFileReference; explicitFileType = sourcecode.c.h; fileEncoding = 30; name = OVR.h; path = ../../../addons/ofxOculusDK2/libs/LibOVR/Include/OVR.h; sourceTree = SOURCE_ROOT; };
		E923EDFB50E2871507DEF8E5 /* OVR_DeviceConstants.h */ = {isa = PBXFileReference; explicitFileType = sourcecode.c.h; fileEncoding = 30; name = OVR_DeviceConstants.h; path = ../../../addons/ofxOculusDK2/libs/LibOVR/Src/Sensors/OVR_DeviceConstants.h; sourceTree = SOURCE_ROOT; };
		E9DB04DF49547A6FD9D37C24 /* Util_LatencyTest2Reader.h */ = {isa = PBXFileReference; explicitFileType = sourcecode.c.h; fileEncoding = 30; name = Util_LatencyTest2Reader.h; path = ../../../addons/ofxOculusDK2/libs/LibOVR/Src/Util/Util_LatencyTest2Reader.h; sourceTree = SOURCE_ROOT; };
		EA0CF333E8F7C2357D04F5DD /* OVR_RPC1.cpp */ = {isa = PBXFileReference; explicitFileType = sourcecode.cpp.cpp; fileEncoding = 30; name = OVR_RPC1.cpp; path = ../../../addons/ofxOculusDK2/libs/LibOVR/Src/Net/OVR_RPC1.cpp; sourceTree = SOURCE_ROOT; };
		EE3AF08A2F39E28ED501A57A /* Util_Interface.h */ = {isa = PBXFileReference; explicitFileType = sourcecode.c.h; fileEncoding = 30; name = Util_Interface.h; path = ../../../addons/ofxOculusDK2/libs/LibOVR/Src/Util/Util_Interface.h; sourceTree = SOURCE_ROOT; };
		EEBAB53139EEE2E4E4B9D5D0 /* OVR_Color.h */ = {isa = PBXFileReference; explicitFileType = sourcecode.c.h; fileEncoding = 30; name = OVR_Color.h; path = ../../../addons/ofxOculusDK2/libs/LibOVR/Src/Kernel/OVR_Color.h; sourceTree = SOURCE_ROOT; };
		F16383A226B1FDC8AFB7FEE3 /* Service_NetSessionCommon.cpp */ = {isa = PBXFileReference; explicitFileType = sourcecode.cpp.cpp; fileEncoding = 30; name = Service_NetSessionCommon.cpp; path = ../../../addons/ofxOculusDK2/libs/LibOVR/Src/Service/Service_NetSessionCommon.cpp; sourceTree = SOURCE_ROOT; };
		F571BDF5DF8ED9FDC5E8A769 /* OVR_Deque.h */ = {isa = PBXFileReference; explicitFileType = sourcecode.c.h; fileEncoding = 30; name = OVR_Deque.h; path = ../../../addons/ofxOculusDK2/libs/LibOVR/Src/Kernel/OVR_Deque.h; sourceTree = SOURCE_ROOT; };
		F591C48A7C9C433AC3146790 /* OVR_Win32_Display.h */ = {isa = PBXFileReference; explicitFileType = sourcecode.c.h; fileEncoding = 30; name = OVR_Win32_Display.h; path = ../../../addons/ofxOculusDK2/libs/LibOVR/Src/Displays/OVR_Win32_Display.h; sourceTree = SOURCE_ROOT; };
		F655D6CC7C220B012F6A3B1C /* OVR_CAPI.cpp */ = {isa = PBXFileReference; explicitFileType = sourcecode.cpp.cpp; fileEncoding = 30; name = OVR_CAPI.cpp; path = ../../../addons/ofxOculusDK2/libs/LibOVR/Src/OVR_CAPI.cpp; sourceTree = SOURCE_ROOT; };
		F7476EA9FE6F19F7FF78D9CE /* OVR_Win32_Socket.h */ = {isa = PBXFileReference; explicitFileType = sourcecode.c.h; fileEncoding = 30; name = OVR_Win32_Socket.h; path = ../../../addons/ofxOculusDK2/libs/LibOVR/Src/Net/OVR_Win32_Socket.h; sourceTree = SOURCE_ROOT; };
		F7673ABAB8A7EAA109413F4B /* CAPI_HMDState.cpp */ = {isa = PBXFileReference; explicitFileType = sourcecode.cpp.cpp; fileEncoding = 30; name = CAPI_HMDState.cpp; path = ../../../addons/ofxOculusDK2/libs/LibOVR/Src/CAPI/CAPI_HMDState.cpp; sourceTree = SOURCE_ROOT; };
		F7A73F173A675A0050951C5F /* CAPI_D3D9_HSWDisplay.cpp */ = {isa = PBXFileReference; explicitFileType = sourcecode.cpp.cpp; fileEncoding = 30; name = CAPI_D3D9_HSWDisplay.cpp; path = ../../../addons/ofxOculusDK2/libs/LibOVR/Src/CAPI/D3D1X/CAPI_D3D9_HSWDisplay.cpp; sourceTree = SOURCE_ROOT; };
		F80DC68F895293939093FE49 /* CAPI_D3D1X_Util.cpp */ = {isa = PBXFileReference; explicitFileType = sourcecode.cpp.cpp; fileEncoding = 30; name = CAPI_D3D1X_Util.cpp; path = ../../../addons/ofxOculusDK2/libs/LibOVR/Src/CAPI/D3D1X/CAPI_D3D1X_Util.cpp; sourceTree = SOURCE_ROOT; };
		F8677DF205301B25F76C91BE /* OVR_Lockless.h */ = {isa = PBXFileReference; explicitFileType = sourcecode.c.h; fileEncoding = 30; name = OVR_Lockless.h; path = ../../../addons/ofxOculusDK2/libs/LibOVR/Src/Kernel/OVR_Lockless.h; sourceTree = SOURCE_ROOT; };
		F93CDB601A3E843900B95454 /* ofxFPSCamera.cpp */ = {isa = PBXFileReference; lastKnownFileType = sourcecode.cpp.cpp; path = ofxFPSCamera.cpp; sourceTree = "<group>"; };
		F93CDB611A3E843900B95454 /* ofxFPSCamera.h */ = {isa = PBXFileReference; lastKnownFileType = sourcecode.c.h; path = ofxFPSCamera.h; sourceTree = "<group>"; };
		F93CDB651A3E844100B95454 /* ofxXmlSettings.cpp */ = {isa = PBXFileReference; lastKnownFileType = sourcecode.cpp.cpp; path = ofxXmlSettings.cpp; sourceTree = "<group>"; };
		F93CDB661A3E844100B95454 /* ofxXmlSettings.h */ = {isa = PBXFileReference; lastKnownFileType = sourcecode.c.h; path = ofxXmlSettings.h; sourceTree = "<group>"; };
		F93CDB681A3E844100B95454 /* tinyxml.cpp */ = {isa = PBXFileReference; lastKnownFileType = sourcecode.cpp.cpp; path = tinyxml.cpp; sourceTree = "<group>"; };
		F93CDB691A3E844100B95454 /* tinyxml.h */ = {isa = PBXFileReference; lastKnownFileType = sourcecode.c.h; path = tinyxml.h; sourceTree = "<group>"; };
		F93CDB6A1A3E844100B95454 /* tinyxmlerror.cpp */ = {isa = PBXFileReference; lastKnownFileType = sourcecode.cpp.cpp; path = tinyxmlerror.cpp; sourceTree = "<group>"; };
		F93CDB6B1A3E844100B95454 /* tinyxmlparser.cpp */ = {isa = PBXFileReference; lastKnownFileType = sourcecode.cpp.cpp; path = tinyxmlparser.cpp; sourceTree = "<group>"; };
		F940A3DB77BA64C1ED1B81C9 /* OVR_Std.cpp */ = {isa = PBXFileReference; explicitFileType = sourcecode.cpp.cpp; fileEncoding = 30; name = OVR_Std.cpp; path = ../../../addons/ofxOculusDK2/libs/LibOVR/Src/Kernel/OVR_Std.cpp; sourceTree = SOURCE_ROOT; };
		FA1B4E0C792661B88A8B2CC8 /* CAPI_D3D1X_DistortionRenderer.h */ = {isa = PBXFileReference; explicitFileType = sourcecode.c.h; fileEncoding = 30; name = CAPI_D3D1X_DistortionRenderer.h; path = ../../../addons/ofxOculusDK2/libs/LibOVR/Src/CAPI/D3D1X/CAPI_D3D1X_DistortionRenderer.h; sourceTree = SOURCE_ROOT; };
		FB0ECEAF9755D56EE72ED782 /* OVR_Math.cpp */ = {isa = PBXFileReference; explicitFileType = sourcecode.cpp.cpp; fileEncoding = 30; name = OVR_Math.cpp; path = ../../../addons/ofxOculusDK2/libs/LibOVR/Src/Kernel/OVR_Math.cpp; sourceTree = SOURCE_ROOT; };
		FB19BE8F45F330EBCEF6B80D /* OVR_Log.h */ = {isa = PBXFileReference; explicitFileType = sourcecode.c.h; fileEncoding = 30; name = OVR_Log.h; path = ../../../addons/ofxOculusDK2/libs/LibOVR/Src/Kernel/OVR_Log.h; sourceTree = SOURCE_ROOT; };
		FB384AE350F007C286B16DB2 /* OVR_ThreadsWinAPI.cpp */ = {isa = PBXFileReference; explicitFileType = sourcecode.cpp.cpp; fileEncoding = 30; name = OVR_ThreadsWinAPI.cpp; path = ../../../addons/ofxOculusDK2/libs/LibOVR/Src/Kernel/OVR_ThreadsWinAPI.cpp; sourceTree = SOURCE_ROOT; };
		FE8212AC1396E44212EF4154 /* OVR_NetworkPlugin.h */ = {isa = PBXFileReference; explicitFileType = sourcecode.c.h; fileEncoding = 30; name = OVR_NetworkPlugin.h; path = ../../../addons/ofxOculusDK2/libs/LibOVR/Src/Net/OVR_NetworkPlugin.h; sourceTree = SOURCE_ROOT; };
		FF528F1C9A3491EC20C1C5CE /* OVR_Threads.h */ = {isa = PBXFileReference; explicitFileType = sourcecode.c.h; fileEncoding = 30; name = OVR_Threads.h; path = ../../../addons/ofxOculusDK2/libs/LibOVR/Src/Kernel/OVR_Threads.h; sourceTree = SOURCE_ROOT; };
		FFC6F7473B045D21956A28D5 /* Service_NetClient.cpp */ = {isa = PBXFileReference; explicitFileType = sourcecode.cpp.cpp; fileEncoding = 30; name = Service_NetClient.cpp; path = ../../../addons/ofxOculusDK2/libs/LibOVR/Src/Service/Service_NetClient.cpp; sourceTree = SOURCE_ROOT; };
/* End PBXFileReference section */

/* Begin PBXFrameworksBuildPhase section */
		E4B69B590A3A1756003C02F2 /* Frameworks */ = {
			isa = PBXFrameworksBuildPhase;
			buildActionMask = 2147483647;
			files = (
				E7F985F815E0DEA3003869B5 /* Accelerate.framework in Frameworks */,
				E7E077E815D3B6510020DFD4 /* QTKit.framework in Frameworks */,
				E4EB6799138ADC1D00A09F29 /* GLUT.framework in Frameworks */,
				E4328149138ABC9F0047C5CB /* openFrameworksDebug.a in Frameworks */,
				E45BE97B0E8CC7DD009D7055 /* AGL.framework in Frameworks */,
				E45BE97C0E8CC7DD009D7055 /* ApplicationServices.framework in Frameworks */,
				E45BE97D0E8CC7DD009D7055 /* AudioToolbox.framework in Frameworks */,
				E45BE97F0E8CC7DD009D7055 /* CoreAudio.framework in Frameworks */,
				E45BE9800E8CC7DD009D7055 /* CoreFoundation.framework in Frameworks */,
				E45BE9810E8CC7DD009D7055 /* CoreServices.framework in Frameworks */,
				E45BE9830E8CC7DD009D7055 /* OpenGL.framework in Frameworks */,
				E45BE9840E8CC7DD009D7055 /* QuickTime.framework in Frameworks */,
				E4C2424710CC5A17004149E2 /* AppKit.framework in Frameworks */,
				E4C2424810CC5A17004149E2 /* Cocoa.framework in Frameworks */,
				E4C2424910CC5A17004149E2 /* IOKit.framework in Frameworks */,
				E7E077E515D3B63C0020DFD4 /* CoreVideo.framework in Frameworks */,
			);
			runOnlyForDeploymentPostprocessing = 0;
		};
/* End PBXFrameworksBuildPhase section */

/* Begin PBXGroup section */
		015F55BDB004B353CB53CFA6 /* Net */ = {
			isa = PBXGroup;
			children = (
				4DC01948ABCC8C90AD641CB9 /* OVR_BitStream.cpp */,
				5D64D951902C0FB4457195F8 /* OVR_BitStream.h */,
				8ED01E3413F9D233F49AB93D /* OVR_MessageIDTypes.h */,
				5D5E65672E63ED6F76ECB9EF /* OVR_NetworkPlugin.cpp */,
				FE8212AC1396E44212EF4154 /* OVR_NetworkPlugin.h */,
				75A74D7E468C90BCFAFD66E2 /* OVR_NetworkTypes.h */,
				9D49DA2DFA31EE6553916D45 /* OVR_PacketizedTCPSocket.cpp */,
				2DD38CBE8899328EACC66893 /* OVR_PacketizedTCPSocket.h */,
				EA0CF333E8F7C2357D04F5DD /* OVR_RPC1.cpp */,
				A05834E7BC4D4B7AC5F72312 /* OVR_RPC1.h */,
				81ED9ADDD743952F03EE26C6 /* OVR_Session.cpp */,
				D46D2F16BA1DE58B3A879C51 /* OVR_Session.h */,
				88B293D34C4A4EFD1CFFA59B /* OVR_Socket.cpp */,
				E7D1FB341A8960A0309277F1 /* OVR_Socket.h */,
				39868ECDA3B78493600BCF49 /* OVR_Unix_Socket.cpp */,
				6B55E3063BB1B7A93247856A /* OVR_Unix_Socket.h */,
				2DFAF37DACDA317EE51A3F0C /* OVR_Win32_Socket.cpp */,
				F7476EA9FE6F19F7FF78D9CE /* OVR_Win32_Socket.h */,
			);
			name = Net;
			sourceTree = "<group>";
		};
		06802AAA9DBD30B174CC3B94 /* Src */ = {
			isa = PBXGroup;
			children = (
				D4C57E7248B1B3EDDEEC4E5F /* CAPI */,
				1011B174B1D06A384D15F3EB /* Displays */,
				C17FD98A05AA1F9A8D72412A /* Kernel */,
				015F55BDB004B353CB53CFA6 /* Net */,
				F655D6CC7C220B012F6A3B1C /* OVR_CAPI.cpp */,
				B3565210A37351B03D9EE109 /* OVR_CAPI.h */,
				C7BA4AF4C13662A73EB6320F /* OVR_CAPI_D3D.h */,
				02724740F039A355098A71EF /* OVR_CAPI_GL.h */,
				01C07FDD50F013B25B1557A4 /* OVR_JSON.cpp */,
				4E665523C3F6C2F59B142F2F /* OVR_JSON.h */,
				8B2192E807F98C3ADB40E25D /* OVR_Profile.cpp */,
				433126DA60DC6054F801BC77 /* OVR_Profile.h */,
				AE0FD588151BE5A546BCEBF7 /* OVR_SerialFormat.cpp */,
				D4AE3D3E2E0B1F28E416284F /* OVR_SerialFormat.h */,
				0819CB9CD4087AB05DA6AB01 /* OVR_Stereo.cpp */,
				5D19BDF2C56B727349113572 /* OVR_Stereo.h */,
				498BC15446E85B0C653CFECC /* Sensors */,
				76A9266C37F8EAF4936FDD39 /* Service */,
				EBCE8C7CC152699D6255E759 /* Tracking */,
				251540FC2E33F2003DB5CED7 /* Util */,
			);
			name = Src;
			sourceTree = "<group>";
		};
		1011B174B1D06A384D15F3EB /* Displays */ = {
			isa = PBXGroup;
			children = (
				3DA54CFCD2FC3763D3C0C01C /* OVR_Display.cpp */,
				209FBFCAE2886FC4589DAD7B /* OVR_Display.h */,
				C0B3B1CC7EED7498C599D765 /* OVR_OSX_Display.cpp */,
				CFBF73FC9CE1AFC06CC70754 /* OVR_OSX_Display.h */,
				84B0E65506F97B55FCB4318E /* OVR_Win32_Display.cpp */,
				F591C48A7C9C433AC3146790 /* OVR_Win32_Display.h */,
				0D69AEF32B49BBD7AC8608C5 /* OVR_Win32_Dxgi_Display.h */,
				D15F0A874F85CB8339C784AC /* OVR_Win32_FocusReader.cpp */,
				72692F443F11C263E633FE68 /* OVR_Win32_FocusReader.h */,
				E7CBEB2B6184179C4ED9DA8E /* OVR_Win32_RenderShim.cpp */,
				2843742FAEBE29A0175E94ED /* OVR_Win32_ShimFunctions.cpp */,
				7155BED6120D46D3BFE7444E /* OVR_Win32_ShimFunctions.h */,
			);
			name = Displays;
			sourceTree = "<group>";
		};
		16D67A5408DB5AF5F6610B32 /* 3rdParty */ = {
			isa = PBXGroup;
			children = (
				BF49654B87B035E48CECC2D3 /* TinyXml */,
			);
			name = 3rdParty;
			sourceTree = "<group>";
		};
		1D7CB65C9E801CE9EB7E3741 /* Shaders */ = {
			isa = PBXGroup;
			children = (
				AAA7DA173B431805F094D463 /* Distortion_ps.h */,
				CC4FFE131689FDA4FF65E198 /* Distortion_ps_refl.h */,
				7815A3D0B787C282474F62B6 /* Distortion_vs.h */,
				8795EEDC0DD2C0898321BABC /* Distortion_vs_refl.h */,
				722C5B6570434519932F1785 /* DistortionChroma_ps.h */,
				1A5D87987A95B6B0E61C76D3 /* DistortionChroma_ps_refl.h */,
				4B41DC6DED14AC850B78E379 /* DistortionChroma_vs.h */,
				895D58A0905632CAA95FAA5A /* DistortionChroma_vs_refl.h */,
				442F8A01CC50E20062259B2D /* DistortionTimewarp_vs.h */,
				2798557E4A13B8E9C6DD1191 /* DistortionTimewarp_vs_refl.h */,
				4403B3F5E9E7998394D773F7 /* DistortionTimewarpChroma_vs.h */,
				B66795DB5A7B2A886F7E287D /* DistortionTimewarpChroma_vs_refl.h */,
				9A85BE9D27D8026BDEA07874 /* SimpleQuad_ps.h */,
				9A4F00DE77934A9DF81D7227 /* SimpleQuad_ps_refl.h */,
				3A6A5F8877B360322FBDAE85 /* SimpleQuad_vs.h */,
				789323F954E978272E1FA797 /* SimpleQuad_vs_refl.h */,
				BEEB9823EB29FDE9B117F87D /* SimpleTexturedQuad_ps.h */,
				BE3EA04E071E26A57CCB5AC2 /* SimpleTexturedQuad_ps_refl.h */,
				554F48B48EADBCF92900DC2A /* SimpleTexturedQuad_vs.h */,
				8AABE82814136C3516646F22 /* SimpleTexturedQuad_vs_refl.h */,
			);
			name = Shaders;
			sourceTree = "<group>";
		};
		251540FC2E33F2003DB5CED7 /* Util */ = {
			isa = PBXGroup;
			children = (
				19E0302F2221A0036B1F44DF /* Util_ImageWindow.cpp */,
				4AACAEA1F268F04014C6053F /* Util_ImageWindow.h */,
				5E750B57BB64CCB49234F1C5 /* Util_Interface.cpp */,
				EE3AF08A2F39E28ED501A57A /* Util_Interface.h */,
				6DEC5327B5C05B4B3A0D1C44 /* Util_LatencyTest2Reader.cpp */,
				E9DB04DF49547A6FD9D37C24 /* Util_LatencyTest2Reader.h */,
				5F201CFFBD93D5D907DDA095 /* Util_LatencyTest2State.h */,
				AB714C5999994548EB2CACA4 /* Util_Render_Stereo.cpp */,
				A9234C9F1563EC00624CF0DA /* Util_Render_Stereo.h */,
			);
			name = Util;
			sourceTree = "<group>";
		};
		498BC15446E85B0C653CFECC /* Sensors */ = {
			isa = PBXGroup;
			children = (
				E923EDFB50E2871507DEF8E5 /* OVR_DeviceConstants.h */,
			);
			name = Sensors;
			sourceTree = "<group>";
		};
		542E29BB0A8E917B331CC8A2 /* Include */ = {
			isa = PBXGroup;
			children = (
				E8CA2257FD00DFD8190ECA1F /* OVR.h */,
				659B859DE44C0DF7DEEE9FDB /* OVR_Kernel.h */,
				6F0DE0B857835FC5E836255C /* OVR_Version.h */,
			);
			name = Include;
			sourceTree = "<group>";
		};
		5EDB87B252D3354439F28D44 /* src */ = {
			isa = PBXGroup;
			children = (
				7E77624EADCE621855E67D4C /* ofxOculusDK2.cpp */,
				0DDCBF05C2E2CD56F6D79D87 /* ofxOculusDK2.h */,
			);
			name = src;
			sourceTree = "<group>";
		};
		76A9266C37F8EAF4936FDD39 /* Service */ = {
			isa = PBXGroup;
			children = (
				FFC6F7473B045D21956A28D5 /* Service_NetClient.cpp */,
				2FEF7C8CD2BA11CE13315F1C /* Service_NetClient.h */,
				F16383A226B1FDC8AFB7FEE3 /* Service_NetSessionCommon.cpp */,
				DF86AB657E38AE63D0EA6ED6 /* Service_NetSessionCommon.h */,
			);
			name = Service;
			sourceTree = "<group>";
		};
		7AB2DAD1B7F57BEC34C45DFD /* Textures */ = {
			isa = PBXGroup;
			children = (
				4A89063B10A4B6EF2537587F /* healthAndSafety.tga.h */,
			);
			name = Textures;
			sourceTree = "<group>";
		};
		AAA2DD15CF09CE1D309C646D /* ofxOculusDK2 */ = {
			isa = PBXGroup;
			children = (
				5EDB87B252D3354439F28D44 /* src */,
				CF8AAC3FC4B8EC54E916D6B4 /* libs */,
			);
			name = ofxOculusDK2;
			sourceTree = "<group>";
		};
		BB4B014C10F69532006C3DED /* addons */ = {
			isa = PBXGroup;
			children = (
				F93CDB631A3E844100B95454 /* ofxXmlSettings */,
				F93CDB5E1A3E843900B95454 /* ofxFPSCamera */,
				AAA2DD15CF09CE1D309C646D /* ofxOculusDK2 */,
			);
			name = addons;
			sourceTree = "<group>";
		};
		BBAB23C913894ECA00AA2426 /* system frameworks */ = {
			isa = PBXGroup;
			children = (
				E7F985F515E0DE99003869B5 /* Accelerate.framework */,
				E4C2424410CC5A17004149E2 /* AppKit.framework */,
				E4C2424510CC5A17004149E2 /* Cocoa.framework */,
				E4C2424610CC5A17004149E2 /* IOKit.framework */,
				E45BE9710E8CC7DD009D7055 /* AGL.framework */,
				E45BE9720E8CC7DD009D7055 /* ApplicationServices.framework */,
				E45BE9730E8CC7DD009D7055 /* AudioToolbox.framework */,
				E45BE9750E8CC7DD009D7055 /* CoreAudio.framework */,
				E45BE9760E8CC7DD009D7055 /* CoreFoundation.framework */,
				E45BE9770E8CC7DD009D7055 /* CoreServices.framework */,
				E45BE9790E8CC7DD009D7055 /* OpenGL.framework */,
				E45BE97A0E8CC7DD009D7055 /* QuickTime.framework */,
				E7E077E415D3B63C0020DFD4 /* CoreVideo.framework */,
				E7E077E715D3B6510020DFD4 /* QTKit.framework */,
			);
			name = "system frameworks";
			sourceTree = "<group>";
		};
		BBAB23CA13894EDB00AA2426 /* 3rd party frameworks */ = {
			isa = PBXGroup;
			children = (
				BBAB23BE13894E4700AA2426 /* GLUT.framework */,
			);
			name = "3rd party frameworks";
			sourceTree = "<group>";
		};
		BF49654B87B035E48CECC2D3 /* TinyXml */ = {
			isa = PBXGroup;
			children = (
				32F56F7F5995D2B67AE94C81 /* tinyxml2.cpp */,
				1322C59FB3E1601CB2FEA59B /* tinyxml2.h */,
			);
			name = TinyXml;
			sourceTree = "<group>";
		};
		C17FD98A05AA1F9A8D72412A /* Kernel */ = {
			isa = PBXGroup;
			children = (
				BCE5A9961FA0E48D29B478B9 /* OVR_Alg.cpp */,
				C7C2F1318C5DBEB9DE3B3E67 /* OVR_Alg.h */,
				6AD11D41C280B2F7B0305858 /* OVR_Allocator.cpp */,
				0127DCABC090AA5940D49389 /* OVR_Allocator.h */,
				A3F6A0E5E2AD4C44F191DA85 /* OVR_Array.h */,
				425AFCD3D3C843A7F1B097DE /* OVR_Atomic.cpp */,
				4417CB47965FFA96EBC67523 /* OVR_Atomic.h */,
				EEBAB53139EEE2E4E4B9D5D0 /* OVR_Color.h */,
				D5AE7E35FAC8F366A9332F46 /* OVR_Compiler.h */,
				B9E3EBC491AC28EE5860CD98 /* OVR_ContainerAllocator.h */,
				A3558CC8DEAB95377D6BDED8 /* OVR_CRC32.cpp */,
				C2D7E768220E06FD63140A4E /* OVR_CRC32.h */,
				DB143E47C5D79F1D6245398F /* OVR_Delegates.h */,
				F571BDF5DF8ED9FDC5E8A769 /* OVR_Deque.h */,
				15C797CD01463EEFD9B5509D /* OVR_File.cpp */,
				55071EBB15591DF1E5D524E7 /* OVR_File.h */,
				D34E18DA0B7FC1FECCBC47C3 /* OVR_FileFILE.cpp */,
				597D834102FA1BBDDE9D8317 /* OVR_Hash.h */,
				B94DE448D5AC640101E07333 /* OVR_KeyCodes.h */,
				44EB50880033E8BDEA54239B /* OVR_List.h */,
				CC3B059CB4F1CA9B3F73117E /* OVR_Lockless.cpp */,
				F8677DF205301B25F76C91BE /* OVR_Lockless.h */,
				CCFFF99D8289F8E392EA098F /* OVR_Log.cpp */,
				FB19BE8F45F330EBCEF6B80D /* OVR_Log.h */,
				FB0ECEAF9755D56EE72ED782 /* OVR_Math.cpp */,
				24D799CFAF00F299C5C2E0A5 /* OVR_Math.h */,
				C4F365DD6C176E761D8021FD /* OVR_Nullptr.h */,
				74A7FC8A19FDB015DE6AD463 /* OVR_Observer.h */,
				5AE886530DECC4D5BF79F272 /* OVR_RefCount.cpp */,
				CF9EAD7DD3FD51EC17168DA2 /* OVR_RefCount.h */,
				3CAFFD2E56DAB505BDC2E665 /* OVR_SharedMemory.cpp */,
				419561B611BD4C826532E9C0 /* OVR_SharedMemory.h */,
				F940A3DB77BA64C1ED1B81C9 /* OVR_Std.cpp */,
				646CC695EF0225E46605EF3A /* OVR_Std.h */,
				4B1D0A61E17CF04D6F0F5E25 /* OVR_String.cpp */,
				5CA8FA241DB4E9A505598DEE /* OVR_String.h */,
				D8149C17A997BB265972BF28 /* OVR_String_FormatUtil.cpp */,
				BFD1D81AF1FEB7A6F4CC5897 /* OVR_String_PathUtil.cpp */,
				334213024BB62D6D6468D626 /* OVR_StringHash.h */,
				34871E4023EECB8F647518D4 /* OVR_SysFile.cpp */,
				7E032DF34536E9B17110B38B /* OVR_SysFile.h */,
				1242B367E202E6F0B1A5F1E7 /* OVR_System.cpp */,
				242C8C2C3DC78347F15DED53 /* OVR_System.h */,
				569B4D1B487E0470B0B99C45 /* OVR_ThreadCommandQueue.cpp */,
				DD877984B96FFFDD79801BFD /* OVR_ThreadCommandQueue.h */,
				FF528F1C9A3491EC20C1C5CE /* OVR_Threads.h */,
				080070AD3C0B4858899F3140 /* OVR_ThreadsPthread.cpp */,
				FB384AE350F007C286B16DB2 /* OVR_ThreadsWinAPI.cpp */,
				CAE7592ADC714B20BD18CE62 /* OVR_Timer.cpp */,
				C0DD0A7D30F71D808D6D2FEB /* OVR_Timer.h */,
				B93B9CB9B25209C9FD0A1C79 /* OVR_Types.h */,
				7EE4DD5464F41D4ABA5DC271 /* OVR_UTF8Util.cpp */,
				056ED2A1EDA655807C24E561 /* OVR_UTF8Util.h */,
			);
			name = Kernel;
			sourceTree = "<group>";
		};
		C5EA85B49575EF0CA7347DF9 /* D3D1X */ = {
			isa = PBXGroup;
			children = (
				9A9225AC48E099DED41AB94A /* CAPI_D3D10_DistortionRenderer.cpp */,
				4372DCA44DB487AB2AEC7578 /* CAPI_D3D10_DistortionRenderer.h */,
				511CC54C7ACE5CFB98FB4A11 /* CAPI_D3D10_HSWDisplay.cpp */,
				3B42DC26395E75A44AC316CC /* CAPI_D3D10_HSWDisplay.h */,
				E4737B6D0AF6159E586FC6E7 /* CAPI_D3D11_DistortionRenderer.cpp */,
				51EA67E895D4DD184CA02010 /* CAPI_D3D11_DistortionRenderer.h */,
				4A648D0616C84336E62C72BF /* CAPI_D3D11_HSWDisplay.cpp */,
				909403F38B2ED291883C3FE2 /* CAPI_D3D11_HSWDisplay.h */,
				5B852C4EA7678A937CD2C8B0 /* CAPI_D3D1X_DistortionRenderer.cpp */,
				FA1B4E0C792661B88A8B2CC8 /* CAPI_D3D1X_DistortionRenderer.h */,
				8BA2B69D7A913FECF57BAC61 /* CAPI_D3D1X_HSWDisplay.cpp */,
				A72E5C7759A43B103733AE43 /* CAPI_D3D1X_HSWDisplay.h */,
				F80DC68F895293939093FE49 /* CAPI_D3D1X_Util.cpp */,
				02F075249B858143334AB61D /* CAPI_D3D1X_Util.h */,
				4FBA91D28D927FAC23BECAEC /* CAPI_D3D9_DistortionRenderer.cpp */,
				4829D6026472108D114AE8F7 /* CAPI_D3D9_DistortionRenderer.h */,
				F7A73F173A675A0050951C5F /* CAPI_D3D9_HSWDisplay.cpp */,
				BB956FA700631EF5DA9C6A0F /* CAPI_D3D9_HSWDisplay.h */,
				1A7FABBFE385ACA1CB119BBC /* CAPI_D3D9_Util.cpp */,
			);
			name = D3D1X;
			sourceTree = "<group>";
		};
		CA8522454E61F00810EBAB2C /* LibOVR */ = {
			isa = PBXGroup;
			children = (
				542E29BB0A8E917B331CC8A2 /* Include */,
				06802AAA9DBD30B174CC3B94 /* Src */,
			);
			name = LibOVR;
			sourceTree = "<group>";
		};
		CF8AAC3FC4B8EC54E916D6B4 /* libs */ = {
			isa = PBXGroup;
			children = (
				16D67A5408DB5AF5F6610B32 /* 3rdParty */,
				CA8522454E61F00810EBAB2C /* LibOVR */,
			);
			name = libs;
			sourceTree = "<group>";
		};
		D4C57E7248B1B3EDDEEC4E5F /* CAPI */ = {
			isa = PBXGroup;
			children = (
				1A37CE0C16D24ACFA66FF24A /* CAPI_DistortionRenderer.cpp */,
				BFE49DC372128F9DC0CE8492 /* CAPI_DistortionRenderer.h */,
				B1349C088832E7586AF1C516 /* CAPI_FrameTimeManager.cpp */,
				2F79E9313FEA9081E943ECCD /* CAPI_FrameTimeManager.h */,
				C346C405DFD0F40A2A4B2FA0 /* CAPI_HMDRenderState.cpp */,
				E015E35C12606D76B4675C57 /* CAPI_HMDRenderState.h */,
				F7673ABAB8A7EAA109413F4B /* CAPI_HMDState.cpp */,
				501E34330614C5AC664946D4 /* CAPI_HMDState.h */,
				4EAE1E1407394ED13C9E46CB /* CAPI_HSWDisplay.cpp */,
				643EF6853D847B65B7633959 /* CAPI_HSWDisplay.h */,
				C5EA85B49575EF0CA7347DF9 /* D3D1X */,
				D58258DAC9AC0712F72DC878 /* GL */,
				1D7CB65C9E801CE9EB7E3741 /* Shaders */,
				7AB2DAD1B7F57BEC34C45DFD /* Textures */,
			);
			name = CAPI;
			sourceTree = "<group>";
		};
		D58258DAC9AC0712F72DC878 /* GL */ = {
			isa = PBXGroup;
			children = (
				91E4C62611DBFD0B9445DCCE /* CAPI_GL_DistortionRenderer.cpp */,
				D82ECF9942D5E287FF00CFCB /* CAPI_GL_DistortionRenderer.h */,
				27DFE5B425AF65CFA6C66DE4 /* CAPI_GL_DistortionShaders.h */,
				39DEA38AEE3BD6F0BF8E6097 /* CAPI_GL_HSWDisplay.cpp */,
				5C35170E39142DDDFD96D65A /* CAPI_GL_HSWDisplay.h */,
				384F7AE8B1092A024629AA56 /* CAPI_GL_Util.cpp */,
				3F01695CECCD75E9457B36E7 /* CAPI_GL_Util.h */,
			);
			name = GL;
			sourceTree = "<group>";
		};
		E4328144138ABC890047C5CB /* Products */ = {
			isa = PBXGroup;
			children = (
				E4328148138ABC890047C5CB /* openFrameworksDebug.a */,
			);
			name = Products;
			sourceTree = "<group>";
		};
		E45BE5980E8CC70C009D7055 /* frameworks */ = {
			isa = PBXGroup;
			children = (
				BBAB23CA13894EDB00AA2426 /* 3rd party frameworks */,
				BBAB23C913894ECA00AA2426 /* system frameworks */,
			);
			name = frameworks;
			sourceTree = "<group>";
		};
		E4B69B4A0A3A1720003C02F2 = {
			isa = PBXGroup;
			children = (
				E4B6FCAD0C3E899E008CF71C /* openFrameworks-Info.plist */,
				E4EB6923138AFD0F00A09F29 /* Project.xcconfig */,
				E4B69E1C0A3A1BDC003C02F2 /* src */,
				E4EEC9E9138DF44700A80321 /* openFrameworks */,
				BB4B014C10F69532006C3DED /* addons */,
				E45BE5980E8CC70C009D7055 /* frameworks */,
				E4B69B5B0A3A1756003C02F2 /* OculusDK2TestsDebug.app */,
			);
			sourceTree = "<group>";
		};
		E4B69E1C0A3A1BDC003C02F2 /* src */ = {
			isa = PBXGroup;
			children = (
				E4B69E1D0A3A1BDC003C02F2 /* main.cpp */,
				E4B69E1E0A3A1BDC003C02F2 /* ofApp.cpp */,
				E4B69E1F0A3A1BDC003C02F2 /* ofApp.h */,
			);
			path = src;
			sourceTree = SOURCE_ROOT;
		};
		E4EEC9E9138DF44700A80321 /* openFrameworks */ = {
			isa = PBXGroup;
			children = (
				E4EB691F138AFCF100A09F29 /* CoreOF.xcconfig */,
				E4328143138ABC890047C5CB /* openFrameworksLib.xcodeproj */,
			);
			name = openFrameworks;
			sourceTree = "<group>";
		};
		EBCE8C7CC152699D6255E759 /* Tracking */ = {
			isa = PBXGroup;
			children = (
				9C6B3F190497892615908FCA /* Tracking_PoseState.h */,
				850F34AAFE5B7DBFB079AC7B /* Tracking_SensorState.h */,
				597BF2FE0100525AC6E1FED9 /* Tracking_SensorStateReader.cpp */,
				8EB73F0BB1F01AFDA179706F /* Tracking_SensorStateReader.h */,
			);
			name = Tracking;
			sourceTree = "<group>";
		};
		F93CDB5E1A3E843900B95454 /* ofxFPSCamera */ = {
			isa = PBXGroup;
			children = (
				F93CDB5F1A3E843900B95454 /* src */,
			);
			name = ofxFPSCamera;
			sourceTree = "<group>";
		};
		F93CDB5F1A3E843900B95454 /* src */ = {
			isa = PBXGroup;
			children = (
				F93CDB601A3E843900B95454 /* ofxFPSCamera.cpp */,
				F93CDB611A3E843900B95454 /* ofxFPSCamera.h */,
			);
			name = src;
			path = ../../../addons/ofxFPSCamera/src;
			sourceTree = "<group>";
		};
		F93CDB631A3E844100B95454 /* ofxXmlSettings */ = {
			isa = PBXGroup;
			children = (
				F93CDB641A3E844100B95454 /* src */,
				F93CDB671A3E844100B95454 /* libs */,
			);
			name = ofxXmlSettings;
			sourceTree = "<group>";
		};
		F93CDB641A3E844100B95454 /* src */ = {
			isa = PBXGroup;
			children = (
				F93CDB651A3E844100B95454 /* ofxXmlSettings.cpp */,
				F93CDB661A3E844100B95454 /* ofxXmlSettings.h */,
			);
			name = src;
			path = ../../../addons/ofxXmlSettings/src;
			sourceTree = "<group>";
		};
		F93CDB671A3E844100B95454 /* libs */ = {
			isa = PBXGroup;
			children = (
				F93CDB681A3E844100B95454 /* tinyxml.cpp */,
				F93CDB691A3E844100B95454 /* tinyxml.h */,
				F93CDB6A1A3E844100B95454 /* tinyxmlerror.cpp */,
				F93CDB6B1A3E844100B95454 /* tinyxmlparser.cpp */,
			);
			name = libs;
			path = ../../../addons/ofxXmlSettings/libs;
			sourceTree = "<group>";
		};
/* End PBXGroup section */

/* Begin PBXNativeTarget section */
		E4B69B5A0A3A1756003C02F2 /* OculusDK2Tests */ = {
			isa = PBXNativeTarget;
			buildConfigurationList = E4B69B5F0A3A1757003C02F2 /* Build configuration list for PBXNativeTarget "OculusDK2Tests" */;
			buildPhases = (
				E4B69B580A3A1756003C02F2 /* Sources */,
				E4B69B590A3A1756003C02F2 /* Frameworks */,
				E4B6FFFD0C3F9AB9008CF71C /* ShellScript */,
				E4C2427710CC5ABF004149E2 /* CopyFiles */,
			);
			buildRules = (
			);
			dependencies = (
				E4EEB9AC138B136A00A80321 /* PBXTargetDependency */,
			);
			name = OculusDK2Tests;
			productName = myOFApp;
			productReference = E4B69B5B0A3A1756003C02F2 /* OculusDK2TestsDebug.app */;
			productType = "com.apple.product-type.application";
		};
/* End PBXNativeTarget section */

/* Begin PBXProject section */
		E4B69B4C0A3A1720003C02F2 /* Project object */ = {
			isa = PBXProject;
			attributes = {
				LastUpgradeCheck = 0460;
			};
			buildConfigurationList = E4B69B4D0A3A1720003C02F2 /* Build configuration list for PBXProject "OculusDK2Tests" */;
			compatibilityVersion = "Xcode 3.2";
			developmentRegion = English;
			hasScannedForEncodings = 0;
			knownRegions = (
				English,
				Japanese,
				French,
				German,
			);
			mainGroup = E4B69B4A0A3A1720003C02F2;
			productRefGroup = E4B69B4A0A3A1720003C02F2;
			projectDirPath = "";
			projectReferences = (
				{
					ProductGroup = E4328144138ABC890047C5CB /* Products */;
					ProjectRef = E4328143138ABC890047C5CB /* openFrameworksLib.xcodeproj */;
				},
			);
			projectRoot = "";
			targets = (
				E4B69B5A0A3A1756003C02F2 /* OculusDK2Tests */,
			);
		};
/* End PBXProject section */

/* Begin PBXReferenceProxy section */
		E4328148138ABC890047C5CB /* openFrameworksDebug.a */ = {
			isa = PBXReferenceProxy;
			fileType = archive.ar;
			path = openFrameworksDebug.a;
			remoteRef = E4328147138ABC890047C5CB /* PBXContainerItemProxy */;
			sourceTree = BUILT_PRODUCTS_DIR;
		};
/* End PBXReferenceProxy section */

/* Begin PBXShellScriptBuildPhase section */
		E4B6FFFD0C3F9AB9008CF71C /* ShellScript */ = {
			isa = PBXShellScriptBuildPhase;
			buildActionMask = 2147483647;
			files = (
			);
			inputPaths = (
			);
			outputPaths = (
			);
			runOnlyForDeploymentPostprocessing = 0;
			shellPath = /bin/sh;
			shellScript = "cp -f ../../../libs/fmodex/lib/osx/libfmodex.dylib \"$TARGET_BUILD_DIR/$PRODUCT_NAME.app/Contents/MacOS/libfmodex.dylib\"; install_name_tool -change ./libfmodex.dylib @executable_path/libfmodex.dylib \"$TARGET_BUILD_DIR/$PRODUCT_NAME.app/Contents/MacOS/$PRODUCT_NAME\";\nmkdir -p \"$TARGET_BUILD_DIR/$PRODUCT_NAME.app/Contents/Resources/\"\ncp -f \"$ICON_FILE\" \"$TARGET_BUILD_DIR/$PRODUCT_NAME.app/Contents/Resources/\"\n";
		};
/* End PBXShellScriptBuildPhase section */

/* Begin PBXSourcesBuildPhase section */
		E4B69B580A3A1756003C02F2 /* Sources */ = {
			isa = PBXSourcesBuildPhase;
			buildActionMask = 2147483647;
			files = (
				F93CDB621A3E843900B95454 /* ofxFPSCamera.cpp in Sources */,
				F93CDB6D1A3E844100B95454 /* tinyxml.cpp in Sources */,
				C7FDF0C3E44C93073275659E /* ofxOculusDK2.cpp in Sources */,
				E4B69E200A3A1BDC003C02F2 /* main.cpp in Sources */,
				F93CDB6F1A3E844100B95454 /* tinyxmlparser.cpp in Sources */,
				F93CDB6C1A3E844100B95454 /* ofxXmlSettings.cpp in Sources */,
				F93CDB6E1A3E844100B95454 /* tinyxmlerror.cpp in Sources */,
				E4B69E210A3A1BDC003C02F2 /* ofApp.cpp in Sources */,
			);
			runOnlyForDeploymentPostprocessing = 0;
		};
/* End PBXSourcesBuildPhase section */

/* Begin PBXTargetDependency section */
		E4EEB9AC138B136A00A80321 /* PBXTargetDependency */ = {
			isa = PBXTargetDependency;
			name = openFrameworks;
			targetProxy = E4EEB9AB138B136A00A80321 /* PBXContainerItemProxy */;
		};
/* End PBXTargetDependency section */

/* Begin XCBuildConfiguration section */
		E4B69B4E0A3A1720003C02F2 /* Debug */ = {
			isa = XCBuildConfiguration;
			baseConfigurationReference = E4EB6923138AFD0F00A09F29 /* Project.xcconfig */;
			buildSettings = {
				ARCHS = "$(NATIVE_ARCH)";
				CONFIGURATION_BUILD_DIR = "$(SRCROOT)/bin/";
				COPY_PHASE_STRIP = NO;
				DEAD_CODE_STRIPPING = YES;
				GCC_AUTO_VECTORIZATION = YES;
				GCC_ENABLE_SSE3_EXTENSIONS = YES;
				GCC_ENABLE_SUPPLEMENTAL_SSE3_INSTRUCTIONS = YES;
				GCC_INLINES_ARE_PRIVATE_EXTERN = NO;
				GCC_OPTIMIZATION_LEVEL = 0;
				GCC_SYMBOLS_PRIVATE_EXTERN = NO;
				GCC_WARN_ABOUT_DEPRECATED_FUNCTIONS = YES;
				GCC_WARN_ABOUT_INVALID_OFFSETOF_MACRO = NO;
				GCC_WARN_ALLOW_INCOMPLETE_PROTOCOL = NO;
				GCC_WARN_UNINITIALIZED_AUTOS = NO;
				GCC_WARN_UNUSED_VALUE = NO;
				GCC_WARN_UNUSED_VARIABLE = NO;
				HEADER_SEARCH_PATHS = (
					"$(OF_CORE_HEADERS)",
					src,
					../../../addons/ofxOculusDK2/libs,
					../../../addons/ofxOculusDK2/libs/3rdParty,
					../../../addons/ofxOculusDK2/libs/3rdParty/TinyXml,
					../../../addons/ofxOculusDK2/libs/LibOVR,
					../../../addons/ofxOculusDK2/libs/LibOVR/Include,
					../../../addons/ofxOculusDK2/libs/LibOVR/Lib,
					../../../addons/ofxOculusDK2/libs/LibOVR/Lib/MacOS,
					../../../addons/ofxOculusDK2/libs/LibOVR/Lib/MacOS/Debug,
					../../../addons/ofxOculusDK2/libs/LibOVR/Lib/MacOS/Debug32,
					../../../addons/ofxOculusDK2/libs/LibOVR/Lib/MacOS/Release,
					../../../addons/ofxOculusDK2/libs/LibOVR/Lib/MacOS/Release32,
					../../../addons/ofxOculusDK2/libs/LibOVR/Lib/x64,
					../../../addons/ofxOculusDK2/libs/LibOVR/Lib/x64/VS2010,
					../../../addons/ofxOculusDK2/libs/LibOVR/Lib/x64/VS2012,
					../../../addons/ofxOculusDK2/libs/LibOVR/Lib/x64/VS2013,
					../../../addons/ofxOculusDK2/libs/LibOVR/Src,
					../../../addons/ofxOculusDK2/libs/LibOVR/Src/CAPI,
					../../../addons/ofxOculusDK2/libs/LibOVR/Src/CAPI/D3D1X,
					../../../addons/ofxOculusDK2/libs/LibOVR/Src/CAPI/GL,
					../../../addons/ofxOculusDK2/libs/LibOVR/Src/CAPI/Shaders,
					../../../addons/ofxOculusDK2/libs/LibOVR/Src/CAPI/Textures,
					../../../addons/ofxOculusDK2/libs/LibOVR/Src/Displays,
					../../../addons/ofxOculusDK2/libs/LibOVR/Src/Kernel,
					../../../addons/ofxOculusDK2/libs/LibOVR/Src/Net,
					../../../addons/ofxOculusDK2/libs/LibOVR/Src/Sensors,
					../../../addons/ofxOculusDK2/libs/LibOVR/Src/Service,
					../../../addons/ofxOculusDK2/libs/LibOVR/Src/Tracking,
					../../../addons/ofxOculusDK2/libs/LibOVR/Src/Util,
					../../../addons/ofxOculusDK2/src,
				);
				MACOSX_DEPLOYMENT_TARGET = 10.6;
				OTHER_CPLUSPLUSFLAGS = (
					"-D__MACOSX_CORE__",
					"-lpthread",
					"-mtune=native",
				);
				SDKROOT = macosx;
			};
			name = Debug;
		};
		E4B69B4F0A3A1720003C02F2 /* Release */ = {
			isa = XCBuildConfiguration;
			baseConfigurationReference = E4EB6923138AFD0F00A09F29 /* Project.xcconfig */;
			buildSettings = {
				ARCHS = "$(NATIVE_ARCH)";
				CONFIGURATION_BUILD_DIR = "$(SRCROOT)/bin/";
				COPY_PHASE_STRIP = YES;
				DEAD_CODE_STRIPPING = YES;
				GCC_AUTO_VECTORIZATION = YES;
				GCC_ENABLE_SSE3_EXTENSIONS = YES;
				GCC_ENABLE_SUPPLEMENTAL_SSE3_INSTRUCTIONS = YES;
				GCC_INLINES_ARE_PRIVATE_EXTERN = NO;
				GCC_OPTIMIZATION_LEVEL = 3;
				GCC_SYMBOLS_PRIVATE_EXTERN = NO;
				GCC_UNROLL_LOOPS = YES;
				GCC_WARN_ABOUT_DEPRECATED_FUNCTIONS = YES;
				GCC_WARN_ABOUT_INVALID_OFFSETOF_MACRO = NO;
				GCC_WARN_ALLOW_INCOMPLETE_PROTOCOL = NO;
				GCC_WARN_UNINITIALIZED_AUTOS = NO;
				GCC_WARN_UNUSED_VALUE = NO;
				GCC_WARN_UNUSED_VARIABLE = NO;
				HEADER_SEARCH_PATHS = (
					"$(OF_CORE_HEADERS)",
					src,
					../../../addons/ofxOculusDK2/libs,
					../../../addons/ofxOculusDK2/libs/3rdParty,
					../../../addons/ofxOculusDK2/libs/3rdParty/TinyXml,
					../../../addons/ofxOculusDK2/libs/LibOVR,
					../../../addons/ofxOculusDK2/libs/LibOVR/Include,
					../../../addons/ofxOculusDK2/libs/LibOVR/Lib,
					../../../addons/ofxOculusDK2/libs/LibOVR/Lib/MacOS,
					../../../addons/ofxOculusDK2/libs/LibOVR/Lib/MacOS/Debug,
					../../../addons/ofxOculusDK2/libs/LibOVR/Lib/MacOS/Debug32,
					../../../addons/ofxOculusDK2/libs/LibOVR/Lib/MacOS/Release,
					../../../addons/ofxOculusDK2/libs/LibOVR/Lib/MacOS/Release32,
					../../../addons/ofxOculusDK2/libs/LibOVR/Lib/x64,
					../../../addons/ofxOculusDK2/libs/LibOVR/Lib/x64/VS2010,
					../../../addons/ofxOculusDK2/libs/LibOVR/Lib/x64/VS2012,
					../../../addons/ofxOculusDK2/libs/LibOVR/Lib/x64/VS2013,
					../../../addons/ofxOculusDK2/libs/LibOVR/Src,
					../../../addons/ofxOculusDK2/libs/LibOVR/Src/CAPI,
					../../../addons/ofxOculusDK2/libs/LibOVR/Src/CAPI/D3D1X,
					../../../addons/ofxOculusDK2/libs/LibOVR/Src/CAPI/GL,
					../../../addons/ofxOculusDK2/libs/LibOVR/Src/CAPI/Shaders,
					../../../addons/ofxOculusDK2/libs/LibOVR/Src/CAPI/Textures,
					../../../addons/ofxOculusDK2/libs/LibOVR/Src/Displays,
					../../../addons/ofxOculusDK2/libs/LibOVR/Src/Kernel,
					../../../addons/ofxOculusDK2/libs/LibOVR/Src/Net,
					../../../addons/ofxOculusDK2/libs/LibOVR/Src/Sensors,
					../../../addons/ofxOculusDK2/libs/LibOVR/Src/Service,
					../../../addons/ofxOculusDK2/libs/LibOVR/Src/Tracking,
					../../../addons/ofxOculusDK2/libs/LibOVR/Src/Util,
					../../../addons/ofxOculusDK2/src,
				);
				MACOSX_DEPLOYMENT_TARGET = 10.6;
				OTHER_CPLUSPLUSFLAGS = (
					"-D__MACOSX_CORE__",
					"-lpthread",
					"-mtune=native",
				);
				SDKROOT = macosx;
			};
			name = Release;
		};
		E4B69B600A3A1757003C02F2 /* Debug */ = {
			isa = XCBuildConfiguration;
			buildSettings = {
				COMBINE_HIDPI_IMAGES = YES;
				COPY_PHASE_STRIP = NO;
				FRAMEWORK_SEARCH_PATHS = (
					"$(inherited)",
					"$(FRAMEWORK_SEARCH_PATHS_QUOTED_FOR_TARGET_1)",
				);
				FRAMEWORK_SEARCH_PATHS_QUOTED_FOR_TARGET_1 = "\"$(SRCROOT)/../../../libs/glut/lib/osx\"";
				GCC_DYNAMIC_NO_PIC = NO;
				GCC_GENERATE_DEBUGGING_SYMBOLS = YES;
				GCC_MODEL_TUNING = NONE;
				ICON = "$(ICON_NAME_DEBUG)";
				ICON_FILE = "$(ICON_FILE_PATH)$(ICON)";
				INFOPLIST_FILE = "openFrameworks-Info.plist";
				INSTALL_PATH = "$(HOME)/Applications";
				LIBRARY_SEARCH_PATHS = (
					"$(inherited)",
					"$(LIBRARY_SEARCH_PATHS_QUOTED_FOR_TARGET_1)",
					"$(LIBRARY_SEARCH_PATHS_QUOTED_FOR_TARGET_2)",
					"$(LIBRARY_SEARCH_PATHS_QUOTED_FOR_TARGET_3)",
					"$(LIBRARY_SEARCH_PATHS_QUOTED_FOR_TARGET_4)",
					"$(LIBRARY_SEARCH_PATHS_QUOTED_FOR_TARGET_5)",
					"$(LIBRARY_SEARCH_PATHS_QUOTED_FOR_TARGET_6)",
					"$(LIBRARY_SEARCH_PATHS_QUOTED_FOR_TARGET_7)",
					"$(LIBRARY_SEARCH_PATHS_QUOTED_FOR_TARGET_8)",
					"$(LIBRARY_SEARCH_PATHS_QUOTED_FOR_TARGET_9)",
					"$(LIBRARY_SEARCH_PATHS_QUOTED_FOR_TARGET_10)",
					"$(LIBRARY_SEARCH_PATHS_QUOTED_FOR_TARGET_11)",
					"$(LIBRARY_SEARCH_PATHS_QUOTED_FOR_TARGET_12)",
					"$(LIBRARY_SEARCH_PATHS_QUOTED_FOR_TARGET_13)",
					"$(LIBRARY_SEARCH_PATHS_QUOTED_FOR_TARGET_14)",
					"$(LIBRARY_SEARCH_PATHS_QUOTED_FOR_TARGET_15)",
					"$(LIBRARY_SEARCH_PATHS_QUOTED_FOR_TARGET_2)",
					"$(LIBRARY_SEARCH_PATHS_QUOTED_FOR_TARGET_3)",
					"$(LIBRARY_SEARCH_PATHS_QUOTED_FOR_TARGET_7)",
					"$(LIBRARY_SEARCH_PATHS_QUOTED_FOR_TARGET_8)",
					"$(LIBRARY_SEARCH_PATHS_QUOTED_FOR_TARGET_9)",
					"$(LIBRARY_SEARCH_PATHS_QUOTED_FOR_TARGET_10)",
					"$(LIBRARY_SEARCH_PATHS_QUOTED_FOR_TARGET_11)",
					"$(LIBRARY_SEARCH_PATHS_QUOTED_FOR_TARGET_12)",
					"$(LIBRARY_SEARCH_PATHS_QUOTED_FOR_TARGET_13)",
					"$(LIBRARY_SEARCH_PATHS_QUOTED_FOR_TARGET_16)",
					"$(LIBRARY_SEARCH_PATHS_QUOTED_FOR_TARGET_17)",
					"$(LIBRARY_SEARCH_PATHS_QUOTED_FOR_TARGET_18)",
					"$(LIBRARY_SEARCH_PATHS_QUOTED_FOR_TARGET_19)",
					"$(LIBRARY_SEARCH_PATHS_QUOTED_FOR_TARGET_20)",
					"$(LIBRARY_SEARCH_PATHS_QUOTED_FOR_TARGET_21)",
					"$(LIBRARY_SEARCH_PATHS_QUOTED_FOR_TARGET_22)",
					"$(LIBRARY_SEARCH_PATHS_QUOTED_FOR_TARGET_23)",
					"$(LIBRARY_SEARCH_PATHS_QUOTED_FOR_TARGET_24)",
					"$(LIBRARY_SEARCH_PATHS_QUOTED_FOR_TARGET_25)",
					"$(LIBRARY_SEARCH_PATHS_QUOTED_FOR_TARGET_26)",
					"$(LIBRARY_SEARCH_PATHS_QUOTED_FOR_TARGET_27)",
					"$(LIBRARY_SEARCH_PATHS_QUOTED_FOR_TARGET_28)",
					"$(LIBRARY_SEARCH_PATHS_QUOTED_FOR_TARGET_29)",
					"$(LIBRARY_SEARCH_PATHS_QUOTED_FOR_TARGET_30)",
					"$(LIBRARY_SEARCH_PATHS_QUOTED_FOR_TARGET_31)",
					"$(LIBRARY_SEARCH_PATHS_QUOTED_FOR_TARGET_32)",
					"$(LIBRARY_SEARCH_PATHS_QUOTED_FOR_TARGET_33)",
					"$(LIBRARY_SEARCH_PATHS_QUOTED_FOR_TARGET_34)",
					"$(LIBRARY_SEARCH_PATHS_QUOTED_FOR_TARGET_35)",
					"$(LIBRARY_SEARCH_PATHS_QUOTED_FOR_TARGET_36)",
					"$(LIBRARY_SEARCH_PATHS_QUOTED_FOR_TARGET_37)",
					"$(LIBRARY_SEARCH_PATHS_QUOTED_FOR_TARGET_38)",
					"$(LIBRARY_SEARCH_PATHS_QUOTED_FOR_TARGET_39)",
					"$(LIBRARY_SEARCH_PATHS_QUOTED_FOR_TARGET_40)",
					"$(LIBRARY_SEARCH_PATHS_QUOTED_FOR_TARGET_41)",
					"$(LIBRARY_SEARCH_PATHS_QUOTED_FOR_TARGET_42)",
					"$(LIBRARY_SEARCH_PATHS_QUOTED_FOR_TARGET_43)",
					"$(LIBRARY_SEARCH_PATHS_QUOTED_FOR_TARGET_44)",
					"$(LIBRARY_SEARCH_PATHS_QUOTED_FOR_TARGET_45)",
					"$(LIBRARY_SEARCH_PATHS_QUOTED_FOR_TARGET_46)",
					"$(LIBRARY_SEARCH_PATHS_QUOTED_FOR_TARGET_47)",
					"$(LIBRARY_SEARCH_PATHS_QUOTED_FOR_TARGET_48)",
					"$(LIBRARY_SEARCH_PATHS_QUOTED_FOR_TARGET_49)",
					"$(LIBRARY_SEARCH_PATHS_QUOTED_FOR_TARGET_50)",
					"$(LIBRARY_SEARCH_PATHS_QUOTED_FOR_TARGET_51)",
					"$(LIBRARY_SEARCH_PATHS_QUOTED_FOR_TARGET_52)",
				);
				PRODUCT_NAME = "$(TARGET_NAME)Debug";
				USER_HEADER_SEARCH_PATHS = "";
				WRAPPER_EXTENSION = app;
			};
			name = Debug;
		};
		E4B69B610A3A1757003C02F2 /* Release */ = {
			isa = XCBuildConfiguration;
			buildSettings = {
				COMBINE_HIDPI_IMAGES = YES;
				COPY_PHASE_STRIP = YES;
				FRAMEWORK_SEARCH_PATHS = (
					"$(inherited)",
					"$(FRAMEWORK_SEARCH_PATHS_QUOTED_FOR_TARGET_1)",
				);
				FRAMEWORK_SEARCH_PATHS_QUOTED_FOR_TARGET_1 = "\"$(SRCROOT)/../../../libs/glut/lib/osx\"";
				GCC_GENERATE_DEBUGGING_SYMBOLS = YES;
				GCC_MODEL_TUNING = NONE;
				ICON = "$(ICON_NAME_RELEASE)";
				ICON_FILE = "$(ICON_FILE_PATH)$(ICON)";
				INFOPLIST_FILE = "openFrameworks-Info.plist";
				INSTALL_PATH = "$(HOME)/Applications";
				LIBRARY_SEARCH_PATHS = (
					"$(inherited)",
					"$(LIBRARY_SEARCH_PATHS_QUOTED_FOR_TARGET_1)",
					"$(LIBRARY_SEARCH_PATHS_QUOTED_FOR_TARGET_2)",
					"$(LIBRARY_SEARCH_PATHS_QUOTED_FOR_TARGET_3)",
					"$(LIBRARY_SEARCH_PATHS_QUOTED_FOR_TARGET_4)",
					"$(LIBRARY_SEARCH_PATHS_QUOTED_FOR_TARGET_5)",
					"$(LIBRARY_SEARCH_PATHS_QUOTED_FOR_TARGET_6)",
					"$(LIBRARY_SEARCH_PATHS_QUOTED_FOR_TARGET_7)",
					"$(LIBRARY_SEARCH_PATHS_QUOTED_FOR_TARGET_8)",
					"$(LIBRARY_SEARCH_PATHS_QUOTED_FOR_TARGET_9)",
					"$(LIBRARY_SEARCH_PATHS_QUOTED_FOR_TARGET_10)",
					"$(LIBRARY_SEARCH_PATHS_QUOTED_FOR_TARGET_11)",
					"$(LIBRARY_SEARCH_PATHS_QUOTED_FOR_TARGET_12)",
					"$(LIBRARY_SEARCH_PATHS_QUOTED_FOR_TARGET_13)",
					"$(LIBRARY_SEARCH_PATHS_QUOTED_FOR_TARGET_14)",
					"$(LIBRARY_SEARCH_PATHS_QUOTED_FOR_TARGET_15)",
					"$(LIBRARY_SEARCH_PATHS_QUOTED_FOR_TARGET_2)",
					"$(LIBRARY_SEARCH_PATHS_QUOTED_1)",
					"$(LIBRARY_SEARCH_PATHS_QUOTED_FOR_TARGET_3)",
					"$(LIBRARY_SEARCH_PATHS_QUOTED_FOR_TARGET_7)",
					"$(LIBRARY_SEARCH_PATHS_QUOTED_FOR_TARGET_8)",
					"$(LIBRARY_SEARCH_PATHS_QUOTED_FOR_TARGET_9)",
					"$(LIBRARY_SEARCH_PATHS_QUOTED_FOR_TARGET_10)",
					"$(LIBRARY_SEARCH_PATHS_QUOTED_FOR_TARGET_11)",
					"$(LIBRARY_SEARCH_PATHS_QUOTED_FOR_TARGET_12)",
					"$(LIBRARY_SEARCH_PATHS_QUOTED_FOR_TARGET_13)",
					"$(LIBRARY_SEARCH_PATHS_QUOTED_FOR_TARGET_16)",
					"$(LIBRARY_SEARCH_PATHS_QUOTED_FOR_TARGET_17)",
					"$(LIBRARY_SEARCH_PATHS_QUOTED_FOR_TARGET_18)",
					"$(LIBRARY_SEARCH_PATHS_QUOTED_FOR_TARGET_19)",
					"$(LIBRARY_SEARCH_PATHS_QUOTED_FOR_TARGET_20)",
					"$(LIBRARY_SEARCH_PATHS_QUOTED_FOR_TARGET_21)",
					"$(LIBRARY_SEARCH_PATHS_QUOTED_FOR_TARGET_22)",
					"$(LIBRARY_SEARCH_PATHS_QUOTED_FOR_TARGET_23)",
					"$(LIBRARY_SEARCH_PATHS_QUOTED_FOR_TARGET_24)",
					"$(LIBRARY_SEARCH_PATHS_QUOTED_FOR_TARGET_25)",
					"$(LIBRARY_SEARCH_PATHS_QUOTED_FOR_TARGET_26)",
					"$(LIBRARY_SEARCH_PATHS_QUOTED_FOR_TARGET_27)",
					"$(LIBRARY_SEARCH_PATHS_QUOTED_FOR_TARGET_28)",
					"$(LIBRARY_SEARCH_PATHS_QUOTED_FOR_TARGET_29)",
					"$(LIBRARY_SEARCH_PATHS_QUOTED_FOR_TARGET_30)",
					"$(LIBRARY_SEARCH_PATHS_QUOTED_FOR_TARGET_31)",
					"$(LIBRARY_SEARCH_PATHS_QUOTED_FOR_TARGET_32)",
					"$(LIBRARY_SEARCH_PATHS_QUOTED_FOR_TARGET_33)",
					"$(LIBRARY_SEARCH_PATHS_QUOTED_FOR_TARGET_34)",
					"$(LIBRARY_SEARCH_PATHS_QUOTED_FOR_TARGET_35)",
					"$(LIBRARY_SEARCH_PATHS_QUOTED_FOR_TARGET_36)",
					"$(LIBRARY_SEARCH_PATHS_QUOTED_FOR_TARGET_37)",
					"$(LIBRARY_SEARCH_PATHS_QUOTED_FOR_TARGET_38)",
					"$(LIBRARY_SEARCH_PATHS_QUOTED_FOR_TARGET_39)",
					"$(LIBRARY_SEARCH_PATHS_QUOTED_FOR_TARGET_40)",
					"$(LIBRARY_SEARCH_PATHS_QUOTED_FOR_TARGET_41)",
					"$(LIBRARY_SEARCH_PATHS_QUOTED_FOR_TARGET_42)",
					"$(LIBRARY_SEARCH_PATHS_QUOTED_FOR_TARGET_43)",
					"$(LIBRARY_SEARCH_PATHS_QUOTED_FOR_TARGET_44)",
					"$(LIBRARY_SEARCH_PATHS_QUOTED_FOR_TARGET_45)",
					"$(LIBRARY_SEARCH_PATHS_QUOTED_FOR_TARGET_46)",
					"$(LIBRARY_SEARCH_PATHS_QUOTED_FOR_TARGET_47)",
					"$(LIBRARY_SEARCH_PATHS_QUOTED_FOR_TARGET_48)",
					"$(LIBRARY_SEARCH_PATHS_QUOTED_FOR_TARGET_49)",
					"$(LIBRARY_SEARCH_PATHS_QUOTED_FOR_TARGET_50)",
					"$(LIBRARY_SEARCH_PATHS_QUOTED_FOR_TARGET_51)",
				);
				PRODUCT_NAME = "$(TARGET_NAME)";
				USER_HEADER_SEARCH_PATHS = "";
				WRAPPER_EXTENSION = app;
			};
			name = Release;
		};
/* End XCBuildConfiguration section */

/* Begin XCConfigurationList section */
		E4B69B4D0A3A1720003C02F2 /* Build configuration list for PBXProject "OculusDK2Tests" */ = {
			isa = XCConfigurationList;
			buildConfigurations = (
				E4B69B4E0A3A1720003C02F2 /* Debug */,
				E4B69B4F0A3A1720003C02F2 /* Release */,
			);
			defaultConfigurationIsVisible = 0;
			defaultConfigurationName = Release;
		};
		E4B69B5F0A3A1757003C02F2 /* Build configuration list for PBXNativeTarget "OculusDK2Tests" */ = {
			isa = XCConfigurationList;
			buildConfigurations = (
				E4B69B600A3A1757003C02F2 /* Debug */,
				E4B69B610A3A1757003C02F2 /* Release */,
			);
			defaultConfigurationIsVisible = 0;
			defaultConfigurationName = Release;
		};
/* End XCConfigurationList section */
	};
	rootObject = E4B69B4C0A3A1720003C02F2 /* Project object */;
}
